// !$*UTF8*$!
{
	archiveVersion = 1;
	classes = {
	};
	objectVersion = 51;
	objects = {

/* Begin PBXBuildFile section */
		0D76EE7DB2AA440C238342F2 /* Pods_Unsplash_UnsplashUITests.framework in Frameworks */ = {isa = PBXBuildFile; fileRef = F20193EEA76174771D5E2636 /* Pods_Unsplash_UnsplashUITests.framework */; };
		EC1DD631267D67400034ECDE /* LoadingCell.swift in Sources */ = {isa = PBXBuildFile; fileRef = EC1DD630267D67400034ECDE /* LoadingCell.swift */; };
		EC2F5B532666FBEC0071FF05 /* APIResponseError.swift in Sources */ = {isa = PBXBuildFile; fileRef = EC2F5B522666FBEC0071FF05 /* APIResponseError.swift */; };
		EC2F5B552666FFF40071FF05 /* PhotosListManager.swift in Sources */ = {isa = PBXBuildFile; fileRef = EC2F5B542666FFF40071FF05 /* PhotosListManager.swift */; };
		EC2F5B57266700060071FF05 /* PhotosListManagerProtocol.swift in Sources */ = {isa = PBXBuildFile; fileRef = EC2F5B56266700060071FF05 /* PhotosListManagerProtocol.swift */; };
		EC3E7C6D267BDFFE00B806AE /* PhotosListCellViewModelTests.swift in Sources */ = {isa = PBXBuildFile; fileRef = EC3E7C6C267BDFFE00B806AE /* PhotosListCellViewModelTests.swift */; };
		EC3E7C6F267BE65100B806AE /* PhotosListBusiness.swift in Sources */ = {isa = PBXBuildFile; fileRef = EC3E7C6E267BE65100B806AE /* PhotosListBusiness.swift */; };
		EC3E7C71267BE67400B806AE /* PhotosListBusinessProtocol.swift in Sources */ = {isa = PBXBuildFile; fileRef = EC3E7C70267BE67400B806AE /* PhotosListBusinessProtocol.swift */; };
		EC3E7C74267BF2A400B806AE /* PhotosListBusinessMock.swift in Sources */ = {isa = PBXBuildFile; fileRef = EC3E7C73267BF2A400B806AE /* PhotosListBusinessMock.swift */; };
		EC3E7C7B267BF67D00B806AE /* PhotoDetailViewModelTests.swift in Sources */ = {isa = PBXBuildFile; fileRef = EC3E7C7A267BF67D00B806AE /* PhotoDetailViewModelTests.swift */; };
		EC532E01267F979800827CB2 /* PhotoDetailManager.swift in Sources */ = {isa = PBXBuildFile; fileRef = EC532E00267F979800827CB2 /* PhotoDetailManager.swift */; };
		EC532E03267F97A900827CB2 /* PhotoDetailManagerProtocol.swift in Sources */ = {isa = PBXBuildFile; fileRef = EC532E02267F97A900827CB2 /* PhotoDetailManagerProtocol.swift */; };
		EC532E05267FA17600827CB2 /* PhotoDetailManagerMock.swift in Sources */ = {isa = PBXBuildFile; fileRef = EC532E04267FA17600827CB2 /* PhotoDetailManagerMock.swift */; };
		EC67916E267CCF14002527DC /* UIFont.swift in Sources */ = {isa = PBXBuildFile; fileRef = EC67916D267CCF14002527DC /* UIFont.swift */; };
		EC679170267CD607002527DC /* NewYorkMedium-Bold.otf in Resources */ = {isa = PBXBuildFile; fileRef = EC67916F267CD607002527DC /* NewYorkMedium-Bold.otf */; };
		EC679172267CD63E002527DC /* NewYorkMedium-Regular.otf in Resources */ = {isa = PBXBuildFile; fileRef = EC679171267CD63E002527DC /* NewYorkMedium-Regular.otf */; };
		EC679174267CD64E002527DC /* NewYorkMedium-Semibold.otf in Resources */ = {isa = PBXBuildFile; fileRef = EC679173267CD64E002527DC /* NewYorkMedium-Semibold.otf */; };
		EC679176267CDEAB002527DC /* NewYork.ttf in Resources */ = {isa = PBXBuildFile; fileRef = EC679175267CDEAB002527DC /* NewYork.ttf */; };
		EC6791BE267CEF11002527DC /* Pods_Unsplash.framework in Frameworks */ = {isa = PBXBuildFile; fileRef = 6761BD417C9CC1D3CE57AD32 /* Pods_Unsplash.framework */; };
		EC6D7131266642EC0037DC6A /* AppDelegate.swift in Sources */ = {isa = PBXBuildFile; fileRef = EC6D7130266642EC0037DC6A /* AppDelegate.swift */; };
		EC6D7133266642EC0037DC6A /* SceneDelegate.swift in Sources */ = {isa = PBXBuildFile; fileRef = EC6D7132266642EC0037DC6A /* SceneDelegate.swift */; };
		EC6D713A266642ED0037DC6A /* Assets.xcassets in Resources */ = {isa = PBXBuildFile; fileRef = EC6D7139266642ED0037DC6A /* Assets.xcassets */; };
		EC6D713D266642ED0037DC6A /* LaunchScreen.storyboard in Resources */ = {isa = PBXBuildFile; fileRef = EC6D713B266642ED0037DC6A /* LaunchScreen.storyboard */; };
		EC6D7153266642EE0037DC6A /* UnsplashUITests.swift in Sources */ = {isa = PBXBuildFile; fileRef = EC6D7152266642EE0037DC6A /* UnsplashUITests.swift */; };
		EC6D71632666457B0037DC6A /* PhotosListViewModelTests.swift in Sources */ = {isa = PBXBuildFile; fileRef = EC6D71622666457B0037DC6A /* PhotosListViewModelTests.swift */; };
		EC6D716A266646C40037DC6A /* PhotosListViewModel.swift in Sources */ = {isa = PBXBuildFile; fileRef = EC6D7169266646C40037DC6A /* PhotosListViewModel.swift */; };
		EC6D716D266646FB0037DC6A /* PhotosListViewModelProtocol.swift in Sources */ = {isa = PBXBuildFile; fileRef = EC6D716C266646FB0037DC6A /* PhotosListViewModelProtocol.swift */; };
		EC6D7170266648080037DC6A /* Photo.swift in Sources */ = {isa = PBXBuildFile; fileRef = EC6D716F266648080037DC6A /* Photo.swift */; };
		EC6D717726664CFC0037DC6A /* PhotosListOperation.swift in Sources */ = {isa = PBXBuildFile; fileRef = EC6D717626664CFC0037DC6A /* PhotosListOperation.swift */; };
		EC6D717A26664D660037DC6A /* AsyncOperation.swift in Sources */ = {isa = PBXBuildFile; fileRef = EC6D717926664D660037DC6A /* AsyncOperation.swift */; };
		EC6D717C26664D980037DC6A /* Dynamic.swift in Sources */ = {isa = PBXBuildFile; fileRef = EC6D717B26664D980037DC6A /* Dynamic.swift */; };
		EC6D717E26664EFB0037DC6A /* APIProvider.swift in Sources */ = {isa = PBXBuildFile; fileRef = EC6D717D26664EFB0037DC6A /* APIProvider.swift */; };
		EC78C2652688A69500175465 /* FavoritesViewModelProtocol.swift in Sources */ = {isa = PBXBuildFile; fileRef = EC78C2642688A69500175465 /* FavoritesViewModelProtocol.swift */; };
		EC78C26A2688B5EA00175465 /* FavoritesViewModelTests.swift in Sources */ = {isa = PBXBuildFile; fileRef = EC78C2692688B5EA00175465 /* FavoritesViewModelTests.swift */; };
		EC78C26C2688B6DA00175465 /* UserDefaultsProvider.swift in Sources */ = {isa = PBXBuildFile; fileRef = EC78C26B2688B6DA00175465 /* UserDefaultsProvider.swift */; };
		EC78C26E2688BA9C00175465 /* UserDefaultProviderMock.swift in Sources */ = {isa = PBXBuildFile; fileRef = EC78C26D2688BA9C00175465 /* UserDefaultProviderMock.swift */; };
		EC78C2752688E9C100175465 /* SearchPhotosOperation.swift in Sources */ = {isa = PBXBuildFile; fileRef = EC78C2742688E9C100175465 /* SearchPhotosOperation.swift */; };
		EC78C2782688EBD700175465 /* Debouncer.swift in Sources */ = {isa = PBXBuildFile; fileRef = EC78C2772688EBD700175465 /* Debouncer.swift */; };
		EC78C27B2689051F00175465 /* FavoritesCoordinatorTests.swift in Sources */ = {isa = PBXBuildFile; fileRef = EC78C27A2689051F00175465 /* FavoritesCoordinatorTests.swift */; };
		EC78C27E268909A200175465 /* Localizable.strings in Resources */ = {isa = PBXBuildFile; fileRef = EC78C280268909A200175465 /* Localizable.strings */; };
		EC78C28526890A7800175465 /* Localizable.swift in Sources */ = {isa = PBXBuildFile; fileRef = EC78C28426890A7800175465 /* Localizable.swift */; };
		EC8B514126910DCD00FF4A2B /* LoadingCellTests.swift in Sources */ = {isa = PBXBuildFile; fileRef = EC8B514026910DCD00FF4A2B /* LoadingCellTests.swift */; };
		EC8B514326910F9D00FF4A2B /* EmptyStateCellTests.swift in Sources */ = {isa = PBXBuildFile; fileRef = EC8B514226910F9D00FF4A2B /* EmptyStateCellTests.swift */; };
		EC8B51452691113300FF4A2B /* PhotosListCellTests.swift in Sources */ = {isa = PBXBuildFile; fileRef = EC8B51442691113300FF4A2B /* PhotosListCellTests.swift */; };
		EC8B51472691134000FF4A2B /* PhotosListCellViewModelMock.swift in Sources */ = {isa = PBXBuildFile; fileRef = EC8B51462691134000FF4A2B /* PhotosListCellViewModelMock.swift */; };
		EC8B514A269115CA00FF4A2B /* PhotoDetailViewControllerTests.swift in Sources */ = {isa = PBXBuildFile; fileRef = EC8B5149269115CA00FF4A2B /* PhotoDetailViewControllerTests.swift */; };
		EC8B514C269117A200FF4A2B /* PhotoDetailViewModelMock.swift in Sources */ = {isa = PBXBuildFile; fileRef = EC8B514B269117A200FF4A2B /* PhotoDetailViewModelMock.swift */; };
		EC8B51502691193F00FF4A2B /* ConnectionErrorView.swift in Sources */ = {isa = PBXBuildFile; fileRef = EC8B514F2691193F00FF4A2B /* ConnectionErrorView.swift */; };
		EC8B515426911B6000FF4A2B /* ConnectionErrorViewTests.swift in Sources */ = {isa = PBXBuildFile; fileRef = EC8B515326911B6000FF4A2B /* ConnectionErrorViewTests.swift */; };
		EC94B5D326683BC100F71C22 /* PhotoURL.swift in Sources */ = {isa = PBXBuildFile; fileRef = EC94B5D226683BC100F71C22 /* PhotoURL.swift */; };
		EC94B5D7266844EB00F71C22 /* Server.swift in Sources */ = {isa = PBXBuildFile; fileRef = EC94B5D6266844EB00F71C22 /* Server.swift */; };
		EC9BE9C6267FEEEB00731293 /* MainCoordinator.swift in Sources */ = {isa = PBXBuildFile; fileRef = EC9BE9C5267FEEEB00731293 /* MainCoordinator.swift */; };
		EC9E0264267C10A800E129EE /* PhotosListBusinessTests.swift in Sources */ = {isa = PBXBuildFile; fileRef = EC9E0263267C10A800E129EE /* PhotosListBusinessTests.swift */; };
		ECA78A18268FD43E00183754 /* Media.xcassets in Resources */ = {isa = PBXBuildFile; fileRef = ECA78A17268FD43E00183754 /* Media.xcassets */; };
		ECBCEB342687664C00E489F2 /* Array+JSONList.swift in Sources */ = {isa = PBXBuildFile; fileRef = ECBCEB332687664C00E489F2 /* Array+JSONList.swift */; };
		ECC5BBCB268D0B590068B2AA /* BaseSnapshotTest.swift in Sources */ = {isa = PBXBuildFile; fileRef = ECC5BBCA268D0B590068B2AA /* BaseSnapshotTest.swift */; };
		ECC5BBCD268D0F360068B2AA /* PhotosListViewControllerTests.swift in Sources */ = {isa = PBXBuildFile; fileRef = ECC5BBCC268D0F360068B2AA /* PhotosListViewControllerTests.swift */; };
		ECC5BBCF268D17CD0068B2AA /* PhotosListViewModelMock.swift in Sources */ = {isa = PBXBuildFile; fileRef = ECC5BBCE268D17CD0068B2AA /* PhotosListViewModelMock.swift */; };
		ECE9ECC5268799FB0016D418 /* EmptyStateCell.swift in Sources */ = {isa = PBXBuildFile; fileRef = ECE9ECC4268799FB0016D418 /* EmptyStateCell.swift */; };
		ECE9ECC82687A5460016D418 /* FavoritesViewModel.swift in Sources */ = {isa = PBXBuildFile; fileRef = ECE9ECC72687A5460016D418 /* FavoritesViewModel.swift */; };
		ECE9ECCB2687B2040016D418 /* FavoritesCoordinator.swift in Sources */ = {isa = PBXBuildFile; fileRef = ECE9ECCA2687B2040016D418 /* FavoritesCoordinator.swift */; };
		ECEB32152684B07500822D63 /* UserDefaultsKeys.swift in Sources */ = {isa = PBXBuildFile; fileRef = ECEB32142684B07500822D63 /* UserDefaultsKeys.swift */; };
		ECEB32182684B0EA00822D63 /* FavoritesViewController.swift in Sources */ = {isa = PBXBuildFile; fileRef = ECEB32172684B0EA00822D63 /* FavoritesViewController.swift */; };
		ECEDB15E2668FD310052B930 /* PhotosListManagerTests.swift in Sources */ = {isa = PBXBuildFile; fileRef = ECEDB15D2668FD310052B930 /* PhotosListManagerTests.swift */; };
		ECEDB1602668FE840052B930 /* APIProviderProtocol.swift in Sources */ = {isa = PBXBuildFile; fileRef = ECEDB15F2668FE840052B930 /* APIProviderProtocol.swift */; };
		ECEDB163266906460052B930 /* APIProviderMock.swift in Sources */ = {isa = PBXBuildFile; fileRef = ECEDB162266906460052B930 /* APIProviderMock.swift */; };
		ECEDB165266906890052B930 /* PhotosListManagerMock.swift in Sources */ = {isa = PBXBuildFile; fileRef = ECEDB164266906880052B930 /* PhotosListManagerMock.swift */; };
		ECEF02062669207C002FA5A3 /* PhotosListCoordinator.swift in Sources */ = {isa = PBXBuildFile; fileRef = ECEF02052669207C002FA5A3 /* PhotosListCoordinator.swift */; };
		ECEF020A266920D4002FA5A3 /* Coordinator.swift in Sources */ = {isa = PBXBuildFile; fileRef = ECEF0209266920D4002FA5A3 /* Coordinator.swift */; };
		ECEF020F266928A2002FA5A3 /* PhotosListViewController.swift in Sources */ = {isa = PBXBuildFile; fileRef = ECEF020E266928A2002FA5A3 /* PhotosListViewController.swift */; };
		ECEF021226692944002FA5A3 /* PhotosListCoordinatorTests.swift in Sources */ = {isa = PBXBuildFile; fileRef = ECEF021126692944002FA5A3 /* PhotosListCoordinatorTests.swift */; };
		ECEF021426695825002FA5A3 /* UICollectionViewCell+Identifier.swift in Sources */ = {isa = PBXBuildFile; fileRef = ECEF021326695825002FA5A3 /* UICollectionViewCell+Identifier.swift */; };
		ECEF021726695D34002FA5A3 /* PhotosListCell.swift in Sources */ = {isa = PBXBuildFile; fileRef = ECEF021626695D34002FA5A3 /* PhotosListCell.swift */; };
		ECEF021B26696127002FA5A3 /* PhotosListCellViewModel.swift in Sources */ = {isa = PBXBuildFile; fileRef = ECEF021A26696127002FA5A3 /* PhotosListCellViewModel.swift */; };
		ECEF021D26696328002FA5A3 /* PhotosListCellViewModelProtocol.swift in Sources */ = {isa = PBXBuildFile; fileRef = ECEF021C26696328002FA5A3 /* PhotosListCellViewModelProtocol.swift */; };
		ECEF0220266969F2002FA5A3 /* PhotoDetailViewController.swift in Sources */ = {isa = PBXBuildFile; fileRef = ECEF021F266969F2002FA5A3 /* PhotoDetailViewController.swift */; };
		ECEF022426696BE6002FA5A3 /* PhotoDetailViewModel.swift in Sources */ = {isa = PBXBuildFile; fileRef = ECEF022326696BE6002FA5A3 /* PhotoDetailViewModel.swift */; };
		ECEF022626696C35002FA5A3 /* PhotoDetailViewModelProtocol.swift in Sources */ = {isa = PBXBuildFile; fileRef = ECEF022526696C35002FA5A3 /* PhotoDetailViewModelProtocol.swift */; };
		ECFDCDD52691EB300077544F /* GenericErrorViewController.swift in Sources */ = {isa = PBXBuildFile; fileRef = ECFDCDD42691EB300077544F /* GenericErrorViewController.swift */; };
		ECFDCDD82691ECAF0077544F /* GenericErrorViewControllerTests.swift in Sources */ = {isa = PBXBuildFile; fileRef = ECFDCDD72691ECAF0077544F /* GenericErrorViewControllerTests.swift */; };
		ECFDCDDA26920FFC0077544F /* UIColor.swift in Sources */ = {isa = PBXBuildFile; fileRef = ECFDCDD926920FFC0077544F /* UIColor.swift */; };
		F2AC0617B782A477A587AE57 /* Pods_UnsplashTests.framework in Frameworks */ = {isa = PBXBuildFile; fileRef = 02BE93A3E2F1EC1567DA73AD /* Pods_UnsplashTests.framework */; };
/* End PBXBuildFile section */

/* Begin PBXContainerItemProxy section */
		EC6D7144266642ED0037DC6A /* PBXContainerItemProxy */ = {
			isa = PBXContainerItemProxy;
			containerPortal = EC6D7125266642EC0037DC6A /* Project object */;
			proxyType = 1;
			remoteGlobalIDString = EC6D712C266642EC0037DC6A;
			remoteInfo = Unsplash;
		};
		EC6D714F266642EE0037DC6A /* PBXContainerItemProxy */ = {
			isa = PBXContainerItemProxy;
			containerPortal = EC6D7125266642EC0037DC6A /* Project object */;
			proxyType = 1;
			remoteGlobalIDString = EC6D712C266642EC0037DC6A;
			remoteInfo = Unsplash;
		};
/* End PBXContainerItemProxy section */

/* Begin PBXFileReference section */
		02BE93A3E2F1EC1567DA73AD /* Pods_UnsplashTests.framework */ = {isa = PBXFileReference; explicitFileType = wrapper.framework; includeInIndex = 0; path = Pods_UnsplashTests.framework; sourceTree = BUILT_PRODUCTS_DIR; };
		093FDA0AFD27A52A581D8518 /* Pods-Unsplash.debug.xcconfig */ = {isa = PBXFileReference; includeInIndex = 1; lastKnownFileType = text.xcconfig; name = "Pods-Unsplash.debug.xcconfig"; path = "Target Support Files/Pods-Unsplash/Pods-Unsplash.debug.xcconfig"; sourceTree = "<group>"; };
		6761BD417C9CC1D3CE57AD32 /* Pods_Unsplash.framework */ = {isa = PBXFileReference; explicitFileType = wrapper.framework; includeInIndex = 0; path = Pods_Unsplash.framework; sourceTree = BUILT_PRODUCTS_DIR; };
		6DD23879B2F5986256743934 /* Pods-UnsplashTests.debug.xcconfig */ = {isa = PBXFileReference; includeInIndex = 1; lastKnownFileType = text.xcconfig; name = "Pods-UnsplashTests.debug.xcconfig"; path = "Target Support Files/Pods-UnsplashTests/Pods-UnsplashTests.debug.xcconfig"; sourceTree = "<group>"; };
		946E3D0CDCD32FBE1492CA40 /* Pods-UnsplashTests.release.xcconfig */ = {isa = PBXFileReference; includeInIndex = 1; lastKnownFileType = text.xcconfig; name = "Pods-UnsplashTests.release.xcconfig"; path = "Target Support Files/Pods-UnsplashTests/Pods-UnsplashTests.release.xcconfig"; sourceTree = "<group>"; };
		AAA7719E1CD15E5553F92C2A /* Pods-Unsplash-UnsplashUITests.release.xcconfig */ = {isa = PBXFileReference; includeInIndex = 1; lastKnownFileType = text.xcconfig; name = "Pods-Unsplash-UnsplashUITests.release.xcconfig"; path = "Target Support Files/Pods-Unsplash-UnsplashUITests/Pods-Unsplash-UnsplashUITests.release.xcconfig"; sourceTree = "<group>"; };
		B28F5CB3B4FA1101D0AB2025 /* Pods-Unsplash.release.xcconfig */ = {isa = PBXFileReference; includeInIndex = 1; lastKnownFileType = text.xcconfig; name = "Pods-Unsplash.release.xcconfig"; path = "Target Support Files/Pods-Unsplash/Pods-Unsplash.release.xcconfig"; sourceTree = "<group>"; };
		C254AFC92A85E06AB4FE48B2 /* Pods-Unsplash-UnsplashUITests.debug.xcconfig */ = {isa = PBXFileReference; includeInIndex = 1; lastKnownFileType = text.xcconfig; name = "Pods-Unsplash-UnsplashUITests.debug.xcconfig"; path = "Target Support Files/Pods-Unsplash-UnsplashUITests/Pods-Unsplash-UnsplashUITests.debug.xcconfig"; sourceTree = "<group>"; };
		EC1DD630267D67400034ECDE /* LoadingCell.swift */ = {isa = PBXFileReference; lastKnownFileType = sourcecode.swift; path = LoadingCell.swift; sourceTree = "<group>"; };
		EC2F5B522666FBEC0071FF05 /* APIResponseError.swift */ = {isa = PBXFileReference; lastKnownFileType = sourcecode.swift; path = APIResponseError.swift; sourceTree = "<group>"; };
		EC2F5B542666FFF40071FF05 /* PhotosListManager.swift */ = {isa = PBXFileReference; lastKnownFileType = sourcecode.swift; path = PhotosListManager.swift; sourceTree = "<group>"; };
		EC2F5B56266700060071FF05 /* PhotosListManagerProtocol.swift */ = {isa = PBXFileReference; lastKnownFileType = sourcecode.swift; path = PhotosListManagerProtocol.swift; sourceTree = "<group>"; };
		EC3E7C6C267BDFFE00B806AE /* PhotosListCellViewModelTests.swift */ = {isa = PBXFileReference; lastKnownFileType = sourcecode.swift; path = PhotosListCellViewModelTests.swift; sourceTree = "<group>"; };
		EC3E7C6E267BE65100B806AE /* PhotosListBusiness.swift */ = {isa = PBXFileReference; lastKnownFileType = sourcecode.swift; path = PhotosListBusiness.swift; sourceTree = "<group>"; };
		EC3E7C70267BE67400B806AE /* PhotosListBusinessProtocol.swift */ = {isa = PBXFileReference; lastKnownFileType = sourcecode.swift; path = PhotosListBusinessProtocol.swift; sourceTree = "<group>"; };
		EC3E7C73267BF2A400B806AE /* PhotosListBusinessMock.swift */ = {isa = PBXFileReference; lastKnownFileType = sourcecode.swift; path = PhotosListBusinessMock.swift; sourceTree = "<group>"; };
		EC3E7C7A267BF67D00B806AE /* PhotoDetailViewModelTests.swift */ = {isa = PBXFileReference; lastKnownFileType = sourcecode.swift; path = PhotoDetailViewModelTests.swift; sourceTree = "<group>"; };
		EC532DFE267F894200827CB2 /* .swiftlint.yml */ = {isa = PBXFileReference; lastKnownFileType = text.yaml; path = .swiftlint.yml; sourceTree = "<group>"; };
		EC532E00267F979800827CB2 /* PhotoDetailManager.swift */ = {isa = PBXFileReference; lastKnownFileType = sourcecode.swift; path = PhotoDetailManager.swift; sourceTree = "<group>"; };
		EC532E02267F97A900827CB2 /* PhotoDetailManagerProtocol.swift */ = {isa = PBXFileReference; lastKnownFileType = sourcecode.swift; path = PhotoDetailManagerProtocol.swift; sourceTree = "<group>"; };
		EC532E04267FA17600827CB2 /* PhotoDetailManagerMock.swift */ = {isa = PBXFileReference; lastKnownFileType = sourcecode.swift; path = PhotoDetailManagerMock.swift; sourceTree = "<group>"; };
		EC67916D267CCF14002527DC /* UIFont.swift */ = {isa = PBXFileReference; lastKnownFileType = sourcecode.swift; path = UIFont.swift; sourceTree = "<group>"; };
		EC67916F267CD607002527DC /* NewYorkMedium-Bold.otf */ = {isa = PBXFileReference; lastKnownFileType = file; path = "NewYorkMedium-Bold.otf"; sourceTree = "<group>"; };
		EC679171267CD63E002527DC /* NewYorkMedium-Regular.otf */ = {isa = PBXFileReference; lastKnownFileType = file; path = "NewYorkMedium-Regular.otf"; sourceTree = "<group>"; };
		EC679173267CD64E002527DC /* NewYorkMedium-Semibold.otf */ = {isa = PBXFileReference; lastKnownFileType = file; path = "NewYorkMedium-Semibold.otf"; sourceTree = "<group>"; };
		EC679175267CDEAB002527DC /* NewYork.ttf */ = {isa = PBXFileReference; lastKnownFileType = file; path = NewYork.ttf; sourceTree = "<group>"; };
		EC6D712D266642EC0037DC6A /* Unsplash.app */ = {isa = PBXFileReference; explicitFileType = wrapper.application; includeInIndex = 0; path = Unsplash.app; sourceTree = BUILT_PRODUCTS_DIR; };
		EC6D7130266642EC0037DC6A /* AppDelegate.swift */ = {isa = PBXFileReference; lastKnownFileType = sourcecode.swift; path = AppDelegate.swift; sourceTree = "<group>"; };
		EC6D7132266642EC0037DC6A /* SceneDelegate.swift */ = {isa = PBXFileReference; lastKnownFileType = sourcecode.swift; path = SceneDelegate.swift; sourceTree = "<group>"; };
		EC6D7139266642ED0037DC6A /* Assets.xcassets */ = {isa = PBXFileReference; lastKnownFileType = folder.assetcatalog; path = Assets.xcassets; sourceTree = "<group>"; };
		EC6D713C266642ED0037DC6A /* Base */ = {isa = PBXFileReference; lastKnownFileType = file.storyboard; name = Base; path = Base.lproj/LaunchScreen.storyboard; sourceTree = "<group>"; };
		EC6D713E266642ED0037DC6A /* Info.plist */ = {isa = PBXFileReference; lastKnownFileType = text.plist.xml; path = Info.plist; sourceTree = "<group>"; };
		EC6D7143266642ED0037DC6A /* UnsplashTests.xctest */ = {isa = PBXFileReference; explicitFileType = wrapper.cfbundle; includeInIndex = 0; path = UnsplashTests.xctest; sourceTree = BUILT_PRODUCTS_DIR; };
		EC6D7149266642EE0037DC6A /* Info.plist */ = {isa = PBXFileReference; lastKnownFileType = text.plist.xml; path = Info.plist; sourceTree = "<group>"; };
		EC6D714E266642EE0037DC6A /* UnsplashUITests.xctest */ = {isa = PBXFileReference; explicitFileType = wrapper.cfbundle; includeInIndex = 0; path = UnsplashUITests.xctest; sourceTree = BUILT_PRODUCTS_DIR; };
		EC6D7152266642EE0037DC6A /* UnsplashUITests.swift */ = {isa = PBXFileReference; lastKnownFileType = sourcecode.swift; path = UnsplashUITests.swift; sourceTree = "<group>"; };
		EC6D7154266642EE0037DC6A /* Info.plist */ = {isa = PBXFileReference; lastKnownFileType = text.plist.xml; path = Info.plist; sourceTree = "<group>"; };
		EC6D71622666457B0037DC6A /* PhotosListViewModelTests.swift */ = {isa = PBXFileReference; lastKnownFileType = sourcecode.swift; path = PhotosListViewModelTests.swift; sourceTree = "<group>"; };
		EC6D7169266646C40037DC6A /* PhotosListViewModel.swift */ = {isa = PBXFileReference; lastKnownFileType = sourcecode.swift; path = PhotosListViewModel.swift; sourceTree = "<group>"; };
		EC6D716C266646FB0037DC6A /* PhotosListViewModelProtocol.swift */ = {isa = PBXFileReference; lastKnownFileType = sourcecode.swift; path = PhotosListViewModelProtocol.swift; sourceTree = "<group>"; };
		EC6D716F266648080037DC6A /* Photo.swift */ = {isa = PBXFileReference; lastKnownFileType = sourcecode.swift; path = Photo.swift; sourceTree = "<group>"; };
		EC6D717626664CFC0037DC6A /* PhotosListOperation.swift */ = {isa = PBXFileReference; lastKnownFileType = sourcecode.swift; path = PhotosListOperation.swift; sourceTree = "<group>"; };
		EC6D717926664D660037DC6A /* AsyncOperation.swift */ = {isa = PBXFileReference; lastKnownFileType = sourcecode.swift; path = AsyncOperation.swift; sourceTree = "<group>"; };
		EC6D717B26664D980037DC6A /* Dynamic.swift */ = {isa = PBXFileReference; lastKnownFileType = sourcecode.swift; path = Dynamic.swift; sourceTree = "<group>"; };
		EC6D717D26664EFB0037DC6A /* APIProvider.swift */ = {isa = PBXFileReference; lastKnownFileType = sourcecode.swift; path = APIProvider.swift; sourceTree = "<group>"; };
		EC78C2642688A69500175465 /* FavoritesViewModelProtocol.swift */ = {isa = PBXFileReference; lastKnownFileType = sourcecode.swift; path = FavoritesViewModelProtocol.swift; sourceTree = "<group>"; };
		EC78C2692688B5EA00175465 /* FavoritesViewModelTests.swift */ = {isa = PBXFileReference; lastKnownFileType = sourcecode.swift; path = FavoritesViewModelTests.swift; sourceTree = "<group>"; };
		EC78C26B2688B6DA00175465 /* UserDefaultsProvider.swift */ = {isa = PBXFileReference; lastKnownFileType = sourcecode.swift; path = UserDefaultsProvider.swift; sourceTree = "<group>"; };
		EC78C26D2688BA9C00175465 /* UserDefaultProviderMock.swift */ = {isa = PBXFileReference; lastKnownFileType = sourcecode.swift; path = UserDefaultProviderMock.swift; sourceTree = "<group>"; };
		EC78C2742688E9C100175465 /* SearchPhotosOperation.swift */ = {isa = PBXFileReference; lastKnownFileType = sourcecode.swift; path = SearchPhotosOperation.swift; sourceTree = "<group>"; };
		EC78C2772688EBD700175465 /* Debouncer.swift */ = {isa = PBXFileReference; lastKnownFileType = sourcecode.swift; path = Debouncer.swift; sourceTree = "<group>"; };
		EC78C27A2689051F00175465 /* FavoritesCoordinatorTests.swift */ = {isa = PBXFileReference; lastKnownFileType = sourcecode.swift; path = FavoritesCoordinatorTests.swift; sourceTree = "<group>"; };
		EC78C27F268909A200175465 /* en */ = {isa = PBXFileReference; lastKnownFileType = text.plist.strings; name = en; path = en.lproj/Localizable.strings; sourceTree = "<group>"; };
		EC78C281268909C600175465 /* pt-BR */ = {isa = PBXFileReference; lastKnownFileType = text.plist.strings; name = "pt-BR"; path = "pt-BR.lproj/LaunchScreen.strings"; sourceTree = "<group>"; };
		EC78C282268909C600175465 /* pt-BR */ = {isa = PBXFileReference; lastKnownFileType = text.plist.strings; name = "pt-BR"; path = "pt-BR.lproj/Localizable.strings"; sourceTree = "<group>"; };
		EC78C28426890A7800175465 /* Localizable.swift */ = {isa = PBXFileReference; lastKnownFileType = sourcecode.swift; path = Localizable.swift; sourceTree = "<group>"; };
		EC8B514026910DCD00FF4A2B /* LoadingCellTests.swift */ = {isa = PBXFileReference; lastKnownFileType = sourcecode.swift; path = LoadingCellTests.swift; sourceTree = "<group>"; };
		EC8B514226910F9D00FF4A2B /* EmptyStateCellTests.swift */ = {isa = PBXFileReference; lastKnownFileType = sourcecode.swift; path = EmptyStateCellTests.swift; sourceTree = "<group>"; };
		EC8B51442691113300FF4A2B /* PhotosListCellTests.swift */ = {isa = PBXFileReference; lastKnownFileType = sourcecode.swift; path = PhotosListCellTests.swift; sourceTree = "<group>"; };
		EC8B51462691134000FF4A2B /* PhotosListCellViewModelMock.swift */ = {isa = PBXFileReference; lastKnownFileType = sourcecode.swift; path = PhotosListCellViewModelMock.swift; sourceTree = "<group>"; };
		EC8B5149269115CA00FF4A2B /* PhotoDetailViewControllerTests.swift */ = {isa = PBXFileReference; lastKnownFileType = sourcecode.swift; path = PhotoDetailViewControllerTests.swift; sourceTree = "<group>"; };
		EC8B514B269117A200FF4A2B /* PhotoDetailViewModelMock.swift */ = {isa = PBXFileReference; lastKnownFileType = sourcecode.swift; path = PhotoDetailViewModelMock.swift; sourceTree = "<group>"; };
		EC8B514F2691193F00FF4A2B /* ConnectionErrorView.swift */ = {isa = PBXFileReference; lastKnownFileType = sourcecode.swift; path = ConnectionErrorView.swift; sourceTree = "<group>"; };
		EC8B515326911B6000FF4A2B /* ConnectionErrorViewTests.swift */ = {isa = PBXFileReference; lastKnownFileType = sourcecode.swift; path = ConnectionErrorViewTests.swift; sourceTree = "<group>"; };
		EC94B5D226683BC100F71C22 /* PhotoURL.swift */ = {isa = PBXFileReference; lastKnownFileType = sourcecode.swift; path = PhotoURL.swift; sourceTree = "<group>"; };
		EC94B5D6266844EB00F71C22 /* Server.swift */ = {isa = PBXFileReference; lastKnownFileType = sourcecode.swift; path = Server.swift; sourceTree = "<group>"; };
		EC9BE9C5267FEEEB00731293 /* MainCoordinator.swift */ = {isa = PBXFileReference; lastKnownFileType = sourcecode.swift; path = MainCoordinator.swift; sourceTree = "<group>"; };
		EC9E0263267C10A800E129EE /* PhotosListBusinessTests.swift */ = {isa = PBXFileReference; lastKnownFileType = sourcecode.swift; path = PhotosListBusinessTests.swift; sourceTree = "<group>"; };
		ECA78A17268FD43E00183754 /* Media.xcassets */ = {isa = PBXFileReference; lastKnownFileType = folder.assetcatalog; path = Media.xcassets; sourceTree = "<group>"; };
		ECBCEB332687664C00E489F2 /* Array+JSONList.swift */ = {isa = PBXFileReference; lastKnownFileType = sourcecode.swift; path = "Array+JSONList.swift"; sourceTree = "<group>"; };
		ECC5BBCA268D0B590068B2AA /* BaseSnapshotTest.swift */ = {isa = PBXFileReference; lastKnownFileType = sourcecode.swift; path = BaseSnapshotTest.swift; sourceTree = "<group>"; };
		ECC5BBCC268D0F360068B2AA /* PhotosListViewControllerTests.swift */ = {isa = PBXFileReference; lastKnownFileType = sourcecode.swift; path = PhotosListViewControllerTests.swift; sourceTree = "<group>"; };
		ECC5BBCE268D17CD0068B2AA /* PhotosListViewModelMock.swift */ = {isa = PBXFileReference; lastKnownFileType = sourcecode.swift; path = PhotosListViewModelMock.swift; sourceTree = "<group>"; };
		ECE9ECC4268799FB0016D418 /* EmptyStateCell.swift */ = {isa = PBXFileReference; lastKnownFileType = sourcecode.swift; path = EmptyStateCell.swift; sourceTree = "<group>"; };
		ECE9ECC72687A5460016D418 /* FavoritesViewModel.swift */ = {isa = PBXFileReference; lastKnownFileType = sourcecode.swift; path = FavoritesViewModel.swift; sourceTree = "<group>"; };
		ECE9ECCA2687B2040016D418 /* FavoritesCoordinator.swift */ = {isa = PBXFileReference; lastKnownFileType = sourcecode.swift; path = FavoritesCoordinator.swift; sourceTree = "<group>"; };
		ECEB32142684B07500822D63 /* UserDefaultsKeys.swift */ = {isa = PBXFileReference; lastKnownFileType = sourcecode.swift; path = UserDefaultsKeys.swift; sourceTree = "<group>"; };
		ECEB32172684B0EA00822D63 /* FavoritesViewController.swift */ = {isa = PBXFileReference; lastKnownFileType = sourcecode.swift; path = FavoritesViewController.swift; sourceTree = "<group>"; };
		ECEDB15D2668FD310052B930 /* PhotosListManagerTests.swift */ = {isa = PBXFileReference; lastKnownFileType = sourcecode.swift; path = PhotosListManagerTests.swift; sourceTree = "<group>"; };
		ECEDB15F2668FE840052B930 /* APIProviderProtocol.swift */ = {isa = PBXFileReference; lastKnownFileType = sourcecode.swift; path = APIProviderProtocol.swift; sourceTree = "<group>"; };
		ECEDB162266906460052B930 /* APIProviderMock.swift */ = {isa = PBXFileReference; lastKnownFileType = sourcecode.swift; path = APIProviderMock.swift; sourceTree = "<group>"; };
		ECEDB164266906880052B930 /* PhotosListManagerMock.swift */ = {isa = PBXFileReference; lastKnownFileType = sourcecode.swift; path = PhotosListManagerMock.swift; sourceTree = "<group>"; };
		ECEF02052669207C002FA5A3 /* PhotosListCoordinator.swift */ = {isa = PBXFileReference; lastKnownFileType = sourcecode.swift; path = PhotosListCoordinator.swift; sourceTree = "<group>"; };
		ECEF0209266920D4002FA5A3 /* Coordinator.swift */ = {isa = PBXFileReference; lastKnownFileType = sourcecode.swift; path = Coordinator.swift; sourceTree = "<group>"; };
		ECEF020E266928A2002FA5A3 /* PhotosListViewController.swift */ = {isa = PBXFileReference; lastKnownFileType = sourcecode.swift; path = PhotosListViewController.swift; sourceTree = "<group>"; };
		ECEF021126692944002FA5A3 /* PhotosListCoordinatorTests.swift */ = {isa = PBXFileReference; lastKnownFileType = sourcecode.swift; path = PhotosListCoordinatorTests.swift; sourceTree = "<group>"; };
		ECEF021326695825002FA5A3 /* UICollectionViewCell+Identifier.swift */ = {isa = PBXFileReference; lastKnownFileType = sourcecode.swift; path = "UICollectionViewCell+Identifier.swift"; sourceTree = "<group>"; };
		ECEF021626695D34002FA5A3 /* PhotosListCell.swift */ = {isa = PBXFileReference; lastKnownFileType = sourcecode.swift; path = PhotosListCell.swift; sourceTree = "<group>"; };
		ECEF021A26696127002FA5A3 /* PhotosListCellViewModel.swift */ = {isa = PBXFileReference; lastKnownFileType = sourcecode.swift; path = PhotosListCellViewModel.swift; sourceTree = "<group>"; };
		ECEF021C26696328002FA5A3 /* PhotosListCellViewModelProtocol.swift */ = {isa = PBXFileReference; lastKnownFileType = sourcecode.swift; path = PhotosListCellViewModelProtocol.swift; sourceTree = "<group>"; };
		ECEF021F266969F2002FA5A3 /* PhotoDetailViewController.swift */ = {isa = PBXFileReference; lastKnownFileType = sourcecode.swift; path = PhotoDetailViewController.swift; sourceTree = "<group>"; };
		ECEF022326696BE6002FA5A3 /* PhotoDetailViewModel.swift */ = {isa = PBXFileReference; lastKnownFileType = sourcecode.swift; path = PhotoDetailViewModel.swift; sourceTree = "<group>"; };
		ECEF022526696C35002FA5A3 /* PhotoDetailViewModelProtocol.swift */ = {isa = PBXFileReference; lastKnownFileType = sourcecode.swift; path = PhotoDetailViewModelProtocol.swift; sourceTree = "<group>"; };
		ECFDCDD42691EB300077544F /* GenericErrorViewController.swift */ = {isa = PBXFileReference; lastKnownFileType = sourcecode.swift; path = GenericErrorViewController.swift; sourceTree = "<group>"; };
		ECFDCDD72691ECAF0077544F /* GenericErrorViewControllerTests.swift */ = {isa = PBXFileReference; lastKnownFileType = sourcecode.swift; path = GenericErrorViewControllerTests.swift; sourceTree = "<group>"; };
		ECFDCDD926920FFC0077544F /* UIColor.swift */ = {isa = PBXFileReference; lastKnownFileType = sourcecode.swift; path = UIColor.swift; sourceTree = "<group>"; };
		F20193EEA76174771D5E2636 /* Pods_Unsplash_UnsplashUITests.framework */ = {isa = PBXFileReference; explicitFileType = wrapper.framework; includeInIndex = 0; path = Pods_Unsplash_UnsplashUITests.framework; sourceTree = BUILT_PRODUCTS_DIR; };
/* End PBXFileReference section */

/* Begin PBXFrameworksBuildPhase section */
		EC6D712A266642EC0037DC6A /* Frameworks */ = {
			isa = PBXFrameworksBuildPhase;
			buildActionMask = 2147483647;
			files = (
				EC6791BE267CEF11002527DC /* Pods_Unsplash.framework in Frameworks */,
			);
			runOnlyForDeploymentPostprocessing = 0;
		};
		EC6D7140266642ED0037DC6A /* Frameworks */ = {
			isa = PBXFrameworksBuildPhase;
			buildActionMask = 2147483647;
			files = (
				F2AC0617B782A477A587AE57 /* Pods_UnsplashTests.framework in Frameworks */,
			);
			runOnlyForDeploymentPostprocessing = 0;
		};
		EC6D714B266642EE0037DC6A /* Frameworks */ = {
			isa = PBXFrameworksBuildPhase;
			buildActionMask = 2147483647;
			files = (
				0D76EE7DB2AA440C238342F2 /* Pods_Unsplash_UnsplashUITests.framework in Frameworks */,
			);
			runOnlyForDeploymentPostprocessing = 0;
		};
/* End PBXFrameworksBuildPhase section */

/* Begin PBXGroup section */
		3FFC890A1B83E3FADDFA4535 /* Frameworks */ = {
			isa = PBXGroup;
			children = (
				6761BD417C9CC1D3CE57AD32 /* Pods_Unsplash.framework */,
				F20193EEA76174771D5E2636 /* Pods_Unsplash_UnsplashUITests.framework */,
				02BE93A3E2F1EC1567DA73AD /* Pods_UnsplashTests.framework */,
			);
			name = Frameworks;
			sourceTree = "<group>";
		};
		A41AC8218708FA1A0D08C1C7 /* Pods */ = {
			isa = PBXGroup;
			children = (
				093FDA0AFD27A52A581D8518 /* Pods-Unsplash.debug.xcconfig */,
				B28F5CB3B4FA1101D0AB2025 /* Pods-Unsplash.release.xcconfig */,
				C254AFC92A85E06AB4FE48B2 /* Pods-Unsplash-UnsplashUITests.debug.xcconfig */,
				AAA7719E1CD15E5553F92C2A /* Pods-Unsplash-UnsplashUITests.release.xcconfig */,
				6DD23879B2F5986256743934 /* Pods-UnsplashTests.debug.xcconfig */,
				946E3D0CDCD32FBE1492CA40 /* Pods-UnsplashTests.release.xcconfig */,
			);
			path = Pods;
			sourceTree = "<group>";
		};
		EC3E7C72267BF28200B806AE /* Business */ = {
			isa = PBXGroup;
			children = (
				EC3E7C73267BF2A400B806AE /* PhotosListBusinessMock.swift */,
				EC9E0263267C10A800E129EE /* PhotosListBusinessTests.swift */,
			);
			path = Business;
			sourceTree = "<group>";
		};
		EC3E7C75267BF2E000B806AE /* PhotoDetail */ = {
			isa = PBXGroup;
			children = (
				EC8B51482691157B00FF4A2B /* ViewController */,
				EC3E7C79267BF65F00B806AE /* ViewModel */,
			);
			path = PhotoDetail;
			sourceTree = "<group>";
		};
		EC3E7C79267BF65F00B806AE /* ViewModel */ = {
			isa = PBXGroup;
			children = (
				EC3E7C7A267BF67D00B806AE /* PhotoDetailViewModelTests.swift */,
				EC532E04267FA17600827CB2 /* PhotoDetailManagerMock.swift */,
				EC8B514B269117A200FF4A2B /* PhotoDetailViewModelMock.swift */,
			);
			path = ViewModel;
			sourceTree = "<group>";
		};
		EC532DFF267F977F00827CB2 /* Manager */ = {
			isa = PBXGroup;
			children = (
				EC532E00267F979800827CB2 /* PhotoDetailManager.swift */,
				EC532E02267F97A900827CB2 /* PhotoDetailManagerProtocol.swift */,
			);
			path = Manager;
			sourceTree = "<group>";
		};
		EC67910C267CCD44002527DC /* fonts */ = {
			isa = PBXGroup;
			children = (
				EC679175267CDEAB002527DC /* NewYork.ttf */,
				EC679173267CD64E002527DC /* NewYorkMedium-Semibold.otf */,
				EC679171267CD63E002527DC /* NewYorkMedium-Regular.otf */,
				EC67916F267CD607002527DC /* NewYorkMedium-Bold.otf */,
			);
			path = fonts;
			sourceTree = "<group>";
		};
		EC6D7124266642EC0037DC6A = {
			isa = PBXGroup;
			children = (
				EC532DFE267F894200827CB2 /* .swiftlint.yml */,
				EC6D712F266642EC0037DC6A /* Unsplash */,
				EC6D7146266642EE0037DC6A /* UnsplashTests */,
				EC6D7151266642EE0037DC6A /* UnsplashUITests */,
				EC6D712E266642EC0037DC6A /* Products */,
				A41AC8218708FA1A0D08C1C7 /* Pods */,
				3FFC890A1B83E3FADDFA4535 /* Frameworks */,
			);
			sourceTree = "<group>";
		};
		EC6D712E266642EC0037DC6A /* Products */ = {
			isa = PBXGroup;
			children = (
				EC6D712D266642EC0037DC6A /* Unsplash.app */,
				EC6D7143266642ED0037DC6A /* UnsplashTests.xctest */,
				EC6D714E266642EE0037DC6A /* UnsplashUITests.xctest */,
			);
			name = Products;
			sourceTree = "<group>";
		};
		EC6D712F266642EC0037DC6A /* Unsplash */ = {
			isa = PBXGroup;
			children = (
				EC6D71672666466D0037DC6A /* Resources */,
				EC6D7166266646650037DC6A /* Classes */,
			);
			path = Unsplash;
			sourceTree = "<group>";
		};
		EC6D7146266642EE0037DC6A /* UnsplashTests */ = {
			isa = PBXGroup;
			children = (
				EC8B515126911B3900FF4A2B /* Components */,
				ECA78A16268FD42E00183754 /* Resources */,
				EC78C2702688CA1B00175465 /* Core */,
				EC78C26F2688BAA500175465 /* UserDefaultProviderMock */,
				ECEDB161266906320052B930 /* APIProviderMock */,
				EC78C2662688B5B500175465 /* Feature */,
				EC6D7149266642EE0037DC6A /* Info.plist */,
			);
			path = UnsplashTests;
			sourceTree = "<group>";
		};
		EC6D7151266642EE0037DC6A /* UnsplashUITests */ = {
			isa = PBXGroup;
			children = (
				EC6D7152266642EE0037DC6A /* UnsplashUITests.swift */,
				EC6D7154266642EE0037DC6A /* Info.plist */,
			);
			path = UnsplashUITests;
			sourceTree = "<group>";
		};
		EC6D7160266643030037DC6A /* Supporting Files */ = {
			isa = PBXGroup;
			children = (
				EC6D713E266642ED0037DC6A /* Info.plist */,
				EC6D713B266642ED0037DC6A /* LaunchScreen.storyboard */,
				EC6D7132266642EC0037DC6A /* SceneDelegate.swift */,
				EC6D7130266642EC0037DC6A /* AppDelegate.swift */,
			);
			path = "Supporting Files";
			sourceTree = "<group>";
		};
		EC6D71612666452E0037DC6A /* PhotosList */ = {
			isa = PBXGroup;
			children = (
				EC8B513F26910DA900FF4A2B /* View */,
				ECC5BBC9268D0B3A0068B2AA /* ViewController */,
				EC3E7C72267BF28200B806AE /* Business */,
				ECEF021026692929002FA5A3 /* Coordinator */,
				ECEDB15C2668FD1A0052B930 /* Manager */,
				EC94B5D82668475C00F71C22 /* ViewModel */,
			);
			path = PhotosList;
			sourceTree = "<group>";
		};
		EC6D7164266646450037DC6A /* PhotosList */ = {
			isa = PBXGroup;
			children = (
				EC6D717426664CAB0037DC6A /* Business */,
				ECEF02042669202C002FA5A3 /* Coordinator */,
				EC6D717326664C9C0037DC6A /* Manager */,
				EC6D716E266647580037DC6A /* Model */,
				EC6D717526664CB40037DC6A /* Operation */,
				ECEF021526695D0A002FA5A3 /* View */,
				ECEF020B2669221C002FA5A3 /* ViewController */,
				EC6D7168266646B10037DC6A /* ViewModel */,
			);
			path = PhotosList;
			sourceTree = "<group>";
		};
		EC6D7165266646550037DC6A /* Feature */ = {
			isa = PBXGroup;
			children = (
				EC9BE9C7267FF0A900731293 /* Favorites */,
				ECEF021E266969D1002FA5A3 /* PhotoDetail */,
				EC6D7164266646450037DC6A /* PhotosList */,
			);
			path = Feature;
			sourceTree = "<group>";
		};
		EC6D7166266646650037DC6A /* Classes */ = {
			isa = PBXGroup;
			children = (
				EC8B514D269118E700FF4A2B /* Components */,
				EC9BE9C4267FEEB800731293 /* Coordinator */,
				EC6D717826664D440037DC6A /* Core */,
				ECEF0208266920B6002FA5A3 /* Extensions */,
				EC6D7165266646550037DC6A /* Feature */,
				EC6D7160266643030037DC6A /* Supporting Files */,
			);
			path = Classes;
			sourceTree = "<group>";
		};
		EC6D71672666466D0037DC6A /* Resources */ = {
			isa = PBXGroup;
			children = (
				EC67910C267CCD44002527DC /* fonts */,
				EC6D7139266642ED0037DC6A /* Assets.xcassets */,
				EC78C280268909A200175465 /* Localizable.strings */,
			);
			path = Resources;
			sourceTree = "<group>";
		};
		EC6D7168266646B10037DC6A /* ViewModel */ = {
			isa = PBXGroup;
			children = (
				EC6D7169266646C40037DC6A /* PhotosListViewModel.swift */,
				EC6D716C266646FB0037DC6A /* PhotosListViewModelProtocol.swift */,
				ECEF021A26696127002FA5A3 /* PhotosListCellViewModel.swift */,
				ECEF021C26696328002FA5A3 /* PhotosListCellViewModelProtocol.swift */,
			);
			path = ViewModel;
			sourceTree = "<group>";
		};
		EC6D716E266647580037DC6A /* Model */ = {
			isa = PBXGroup;
			children = (
				EC6D716F266648080037DC6A /* Photo.swift */,
				EC94B5D226683BC100F71C22 /* PhotoURL.swift */,
			);
			path = Model;
			sourceTree = "<group>";
		};
		EC6D717326664C9C0037DC6A /* Manager */ = {
			isa = PBXGroup;
			children = (
				EC2F5B542666FFF40071FF05 /* PhotosListManager.swift */,
				EC2F5B56266700060071FF05 /* PhotosListManagerProtocol.swift */,
			);
			path = Manager;
			sourceTree = "<group>";
		};
		EC6D717426664CAB0037DC6A /* Business */ = {
			isa = PBXGroup;
			children = (
				EC3E7C6E267BE65100B806AE /* PhotosListBusiness.swift */,
				EC3E7C70267BE67400B806AE /* PhotosListBusinessProtocol.swift */,
			);
			path = Business;
			sourceTree = "<group>";
		};
		EC6D717526664CB40037DC6A /* Operation */ = {
			isa = PBXGroup;
			children = (
				EC6D717626664CFC0037DC6A /* PhotosListOperation.swift */,
				EC78C2742688E9C100175465 /* SearchPhotosOperation.swift */,
			);
			path = Operation;
			sourceTree = "<group>";
		};
		EC6D717826664D440037DC6A /* Core */ = {
			isa = PBXGroup;
			children = (
				EC78C28326890A5E00175465 /* Localizable */,
				EC78C2762688EBC700175465 /* Debouncer */,
				ECEB32132684B05C00822D63 /* UserDefaults */,
				EC6D717F26664F290037DC6A /* API Provider */,
				ECE518DC267E214E00759BB4 /* AsyncOperation */,
				ECE518DB267E214100759BB4 /* Dynamic */,
			);
			path = Core;
			sourceTree = "<group>";
		};
		EC6D717F26664F290037DC6A /* API Provider */ = {
			isa = PBXGroup;
			children = (
				EC6D717D26664EFB0037DC6A /* APIProvider.swift */,
				EC2F5B522666FBEC0071FF05 /* APIResponseError.swift */,
				EC94B5D6266844EB00F71C22 /* Server.swift */,
				ECEDB15F2668FE840052B930 /* APIProviderProtocol.swift */,
			);
			path = "API Provider";
			sourceTree = "<group>";
		};
		EC78C2662688B5B500175465 /* Feature */ = {
			isa = PBXGroup;
			children = (
				EC78C2672688B5CF00175465 /* Favorites */,
				EC6D71612666452E0037DC6A /* PhotosList */,
				EC3E7C75267BF2E000B806AE /* PhotoDetail */,
			);
			path = Feature;
			sourceTree = "<group>";
		};
		EC78C2672688B5CF00175465 /* Favorites */ = {
			isa = PBXGroup;
			children = (
				EC78C2792689050600175465 /* Coordinator */,
				EC78C2682688B5D400175465 /* ViewModel */,
			);
			path = Favorites;
			sourceTree = "<group>";
		};
		EC78C2682688B5D400175465 /* ViewModel */ = {
			isa = PBXGroup;
			children = (
				EC78C2692688B5EA00175465 /* FavoritesViewModelTests.swift */,
			);
			path = ViewModel;
			sourceTree = "<group>";
		};
		EC78C26F2688BAA500175465 /* UserDefaultProviderMock */ = {
			isa = PBXGroup;
			children = (
				EC78C26D2688BA9C00175465 /* UserDefaultProviderMock.swift */,
			);
			path = UserDefaultProviderMock;
			sourceTree = "<group>";
		};
		EC78C2702688CA1B00175465 /* Core */ = {
			isa = PBXGroup;
			children = (
				ECC5BBCA268D0B590068B2AA /* BaseSnapshotTest.swift */,
			);
			path = Core;
			sourceTree = "<group>";
		};
		EC78C2762688EBC700175465 /* Debouncer */ = {
			isa = PBXGroup;
			children = (
				EC78C2772688EBD700175465 /* Debouncer.swift */,
			);
			path = Debouncer;
			sourceTree = "<group>";
		};
		EC78C2792689050600175465 /* Coordinator */ = {
			isa = PBXGroup;
			children = (
				EC78C27A2689051F00175465 /* FavoritesCoordinatorTests.swift */,
			);
			path = Coordinator;
			sourceTree = "<group>";
		};
		EC78C28326890A5E00175465 /* Localizable */ = {
			isa = PBXGroup;
			children = (
				EC78C28426890A7800175465 /* Localizable.swift */,
			);
			path = Localizable;
			sourceTree = "<group>";
		};
		EC8B513F26910DA900FF4A2B /* View */ = {
			isa = PBXGroup;
			children = (
				EC8B514026910DCD00FF4A2B /* LoadingCellTests.swift */,
				EC8B514226910F9D00FF4A2B /* EmptyStateCellTests.swift */,
				EC8B51442691113300FF4A2B /* PhotosListCellTests.swift */,
			);
			path = View;
			sourceTree = "<group>";
		};
		EC8B51482691157B00FF4A2B /* ViewController */ = {
			isa = PBXGroup;
			children = (
				EC8B5149269115CA00FF4A2B /* PhotoDetailViewControllerTests.swift */,
			);
			path = ViewController;
			sourceTree = "<group>";
		};
		EC8B514D269118E700FF4A2B /* Components */ = {
			isa = PBXGroup;
			children = (
				ECFDCDD32691EB100077544F /* GenericError */,
				EC8B514E269118F000FF4A2B /* ConnectionError */,
			);
			path = Components;
			sourceTree = "<group>";
		};
		EC8B514E269118F000FF4A2B /* ConnectionError */ = {
			isa = PBXGroup;
			children = (
				EC8B514F2691193F00FF4A2B /* ConnectionErrorView.swift */,
			);
			path = ConnectionError;
			sourceTree = "<group>";
		};
		EC8B515126911B3900FF4A2B /* Components */ = {
			isa = PBXGroup;
			children = (
				ECFDCDD62691EC950077544F /* GenericError */,
				EC8B515226911B4100FF4A2B /* ConnectionError */,
			);
			path = Components;
			sourceTree = "<group>";
		};
		EC8B515226911B4100FF4A2B /* ConnectionError */ = {
			isa = PBXGroup;
			children = (
				EC8B515326911B6000FF4A2B /* ConnectionErrorViewTests.swift */,
			);
			path = ConnectionError;
			sourceTree = "<group>";
		};
		EC94B5D82668475C00F71C22 /* ViewModel */ = {
			isa = PBXGroup;
			children = (
				EC6D71622666457B0037DC6A /* PhotosListViewModelTests.swift */,
				EC3E7C6C267BDFFE00B806AE /* PhotosListCellViewModelTests.swift */,
				ECC5BBCE268D17CD0068B2AA /* PhotosListViewModelMock.swift */,
				EC8B51462691134000FF4A2B /* PhotosListCellViewModelMock.swift */,
			);
			path = ViewModel;
			sourceTree = "<group>";
		};
		EC9BE9C4267FEEB800731293 /* Coordinator */ = {
			isa = PBXGroup;
			children = (
				ECEF0209266920D4002FA5A3 /* Coordinator.swift */,
				EC9BE9C5267FEEEB00731293 /* MainCoordinator.swift */,
			);
			path = Coordinator;
			sourceTree = "<group>";
		};
		EC9BE9C7267FF0A900731293 /* Favorites */ = {
			isa = PBXGroup;
			children = (
				ECE9ECC92687B1EE0016D418 /* Coordinator */,
				ECE9ECC62687A5350016D418 /* ViewModel */,
				ECEB32162684B0C700822D63 /* ViewController */,
			);
			path = Favorites;
			sourceTree = "<group>";
		};
		ECA78A16268FD42E00183754 /* Resources */ = {
			isa = PBXGroup;
			children = (
				ECA78A17268FD43E00183754 /* Media.xcassets */,
			);
			path = Resources;
			sourceTree = "<group>";
		};
		ECC5BBC9268D0B3A0068B2AA /* ViewController */ = {
			isa = PBXGroup;
			children = (
				ECC5BBCC268D0F360068B2AA /* PhotosListViewControllerTests.swift */,
			);
			path = ViewController;
			sourceTree = "<group>";
		};
		ECE518DB267E214100759BB4 /* Dynamic */ = {
			isa = PBXGroup;
			children = (
				EC6D717B26664D980037DC6A /* Dynamic.swift */,
			);
			path = Dynamic;
			sourceTree = "<group>";
		};
		ECE518DC267E214E00759BB4 /* AsyncOperation */ = {
			isa = PBXGroup;
			children = (
				EC6D717926664D660037DC6A /* AsyncOperation.swift */,
			);
			path = AsyncOperation;
			sourceTree = "<group>";
		};
		ECE9ECC62687A5350016D418 /* ViewModel */ = {
			isa = PBXGroup;
			children = (
				ECE9ECC72687A5460016D418 /* FavoritesViewModel.swift */,
				EC78C2642688A69500175465 /* FavoritesViewModelProtocol.swift */,
			);
			path = ViewModel;
			sourceTree = "<group>";
		};
		ECE9ECC92687B1EE0016D418 /* Coordinator */ = {
			isa = PBXGroup;
			children = (
				ECE9ECCA2687B2040016D418 /* FavoritesCoordinator.swift */,
			);
			path = Coordinator;
			sourceTree = "<group>";
		};
		ECEB32132684B05C00822D63 /* UserDefaults */ = {
			isa = PBXGroup;
			children = (
				ECEB32142684B07500822D63 /* UserDefaultsKeys.swift */,
				EC78C26B2688B6DA00175465 /* UserDefaultsProvider.swift */,
			);
			path = UserDefaults;
			sourceTree = "<group>";
		};
		ECEB32162684B0C700822D63 /* ViewController */ = {
			isa = PBXGroup;
			children = (
				ECEB32172684B0EA00822D63 /* FavoritesViewController.swift */,
			);
			path = ViewController;
			sourceTree = "<group>";
		};
		ECEDB15C2668FD1A0052B930 /* Manager */ = {
			isa = PBXGroup;
			children = (
				ECEDB15D2668FD310052B930 /* PhotosListManagerTests.swift */,
				ECEDB164266906880052B930 /* PhotosListManagerMock.swift */,
			);
			path = Manager;
			sourceTree = "<group>";
		};
		ECEDB161266906320052B930 /* APIProviderMock */ = {
			isa = PBXGroup;
			children = (
				ECEDB162266906460052B930 /* APIProviderMock.swift */,
			);
			path = APIProviderMock;
			sourceTree = "<group>";
		};
		ECEF02042669202C002FA5A3 /* Coordinator */ = {
			isa = PBXGroup;
			children = (
				ECEF02052669207C002FA5A3 /* PhotosListCoordinator.swift */,
			);
			path = Coordinator;
			sourceTree = "<group>";
		};
		ECEF0208266920B6002FA5A3 /* Extensions */ = {
			isa = PBXGroup;
			children = (
				ECEF021326695825002FA5A3 /* UICollectionViewCell+Identifier.swift */,
				EC67916D267CCF14002527DC /* UIFont.swift */,
				ECBCEB332687664C00E489F2 /* Array+JSONList.swift */,
				ECFDCDD926920FFC0077544F /* UIColor.swift */,
			);
			path = Extensions;
			sourceTree = "<group>";
		};
		ECEF020B2669221C002FA5A3 /* ViewController */ = {
			isa = PBXGroup;
			children = (
				ECEF020E266928A2002FA5A3 /* PhotosListViewController.swift */,
			);
			path = ViewController;
			sourceTree = "<group>";
		};
		ECEF021026692929002FA5A3 /* Coordinator */ = {
			isa = PBXGroup;
			children = (
				ECEF021126692944002FA5A3 /* PhotosListCoordinatorTests.swift */,
			);
			path = Coordinator;
			sourceTree = "<group>";
		};
		ECEF021526695D0A002FA5A3 /* View */ = {
			isa = PBXGroup;
			children = (
				ECE9ECC4268799FB0016D418 /* EmptyStateCell.swift */,
				ECEF021626695D34002FA5A3 /* PhotosListCell.swift */,
				EC1DD630267D67400034ECDE /* LoadingCell.swift */,
			);
			path = View;
			sourceTree = "<group>";
		};
		ECEF021E266969D1002FA5A3 /* PhotoDetail */ = {
			isa = PBXGroup;
			children = (
				EC532DFF267F977F00827CB2 /* Manager */,
				ECEF022226696BCF002FA5A3 /* ViewModel */,
				ECEF0221266969F5002FA5A3 /* ViewController */,
			);
			path = PhotoDetail;
			sourceTree = "<group>";
		};
		ECEF0221266969F5002FA5A3 /* ViewController */ = {
			isa = PBXGroup;
			children = (
				ECEF021F266969F2002FA5A3 /* PhotoDetailViewController.swift */,
			);
			path = ViewController;
			sourceTree = "<group>";
		};
		ECEF022226696BCF002FA5A3 /* ViewModel */ = {
			isa = PBXGroup;
			children = (
				ECEF022326696BE6002FA5A3 /* PhotoDetailViewModel.swift */,
				ECEF022526696C35002FA5A3 /* PhotoDetailViewModelProtocol.swift */,
			);
			path = ViewModel;
			sourceTree = "<group>";
		};
		ECFDCDD32691EB100077544F /* GenericError */ = {
			isa = PBXGroup;
			children = (
				ECFDCDD42691EB300077544F /* GenericErrorViewController.swift */,
			);
			path = GenericError;
			sourceTree = "<group>";
		};
		ECFDCDD62691EC950077544F /* GenericError */ = {
			isa = PBXGroup;
			children = (
				ECFDCDD72691ECAF0077544F /* GenericErrorViewControllerTests.swift */,
			);
			path = GenericError;
			sourceTree = "<group>";
		};
/* End PBXGroup section */

/* Begin PBXNativeTarget section */
		EC6D712C266642EC0037DC6A /* Unsplash */ = {
			isa = PBXNativeTarget;
			buildConfigurationList = EC6D7157266642EE0037DC6A /* Build configuration list for PBXNativeTarget "Unsplash" */;
			buildPhases = (
				3783324071AB722C4DFBF800 /* [CP] Check Pods Manifest.lock */,
				EC2F5B4E2666F6B50071FF05 /* ShellScript */,
				EC6D7129266642EC0037DC6A /* Sources */,
				EC6D712A266642EC0037DC6A /* Frameworks */,
				EC6D712B266642EC0037DC6A /* Resources */,
				6B1BCB0E6F0177016D2434A4 /* [CP] Embed Pods Frameworks */,
			);
			buildRules = (
			);
			dependencies = (
			);
			name = Unsplash;
			productName = Unsplash;
			productReference = EC6D712D266642EC0037DC6A /* Unsplash.app */;
			productType = "com.apple.product-type.application";
		};
		EC6D7142266642ED0037DC6A /* UnsplashTests */ = {
			isa = PBXNativeTarget;
			buildConfigurationList = EC6D715A266642EE0037DC6A /* Build configuration list for PBXNativeTarget "UnsplashTests" */;
			buildPhases = (
				B91F13B89C64C8116E085A2D /* [CP] Check Pods Manifest.lock */,
				EC6D713F266642ED0037DC6A /* Sources */,
				EC6D7140266642ED0037DC6A /* Frameworks */,
				EC6D7141266642ED0037DC6A /* Resources */,
				AB2B9BB653CC0D0435736319 /* [CP] Embed Pods Frameworks */,
			);
			buildRules = (
			);
			dependencies = (
				EC6D7145266642ED0037DC6A /* PBXTargetDependency */,
			);
			name = UnsplashTests;
			productName = UnsplashTests;
			productReference = EC6D7143266642ED0037DC6A /* UnsplashTests.xctest */;
			productType = "com.apple.product-type.bundle.unit-test";
		};
		EC6D714D266642EE0037DC6A /* UnsplashUITests */ = {
			isa = PBXNativeTarget;
			buildConfigurationList = EC6D715D266642EE0037DC6A /* Build configuration list for PBXNativeTarget "UnsplashUITests" */;
			buildPhases = (
				15BB0E9DDB903FE403FF9AB0 /* [CP] Check Pods Manifest.lock */,
				EC6D714A266642EE0037DC6A /* Sources */,
				EC6D714B266642EE0037DC6A /* Frameworks */,
				EC6D714C266642EE0037DC6A /* Resources */,
				9EC2EBB3943A8B94A9DB0743 /* [CP] Embed Pods Frameworks */,
			);
			buildRules = (
			);
			dependencies = (
				EC6D7150266642EE0037DC6A /* PBXTargetDependency */,
			);
			name = UnsplashUITests;
			productName = UnsplashUITests;
			productReference = EC6D714E266642EE0037DC6A /* UnsplashUITests.xctest */;
			productType = "com.apple.product-type.bundle.ui-testing";
		};
/* End PBXNativeTarget section */

/* Begin PBXProject section */
		EC6D7125266642EC0037DC6A /* Project object */ = {
			isa = PBXProject;
			attributes = {
				LastSwiftUpdateCheck = 1250;
				LastUpgradeCheck = 1250;
				TargetAttributes = {
					EC6D712C266642EC0037DC6A = {
						CreatedOnToolsVersion = 12.5;
					};
					EC6D7142266642ED0037DC6A = {
						CreatedOnToolsVersion = 12.5;
						TestTargetID = EC6D712C266642EC0037DC6A;
					};
					EC6D714D266642EE0037DC6A = {
						CreatedOnToolsVersion = 12.5;
						TestTargetID = EC6D712C266642EC0037DC6A;
					};
				};
			};
			buildConfigurationList = EC6D7128266642EC0037DC6A /* Build configuration list for PBXProject "Unsplash" */;
			compatibilityVersion = "Xcode 9.3";
			developmentRegion = en;
			hasScannedForEncodings = 0;
			knownRegions = (
				en,
				Base,
				"pt-BR",
			);
			mainGroup = EC6D7124266642EC0037DC6A;
			productRefGroup = EC6D712E266642EC0037DC6A /* Products */;
			projectDirPath = "";
			projectRoot = "";
			targets = (
				EC6D712C266642EC0037DC6A /* Unsplash */,
				EC6D7142266642ED0037DC6A /* UnsplashTests */,
				EC6D714D266642EE0037DC6A /* UnsplashUITests */,
			);
		};
/* End PBXProject section */

/* Begin PBXResourcesBuildPhase section */
		EC6D712B266642EC0037DC6A /* Resources */ = {
			isa = PBXResourcesBuildPhase;
			buildActionMask = 2147483647;
			files = (
				EC679170267CD607002527DC /* NewYorkMedium-Bold.otf in Resources */,
				EC679176267CDEAB002527DC /* NewYork.ttf in Resources */,
				EC679172267CD63E002527DC /* NewYorkMedium-Regular.otf in Resources */,
				EC78C27E268909A200175465 /* Localizable.strings in Resources */,
				EC679174267CD64E002527DC /* NewYorkMedium-Semibold.otf in Resources */,
				EC6D713D266642ED0037DC6A /* LaunchScreen.storyboard in Resources */,
				EC6D713A266642ED0037DC6A /* Assets.xcassets in Resources */,
			);
			runOnlyForDeploymentPostprocessing = 0;
		};
		EC6D7141266642ED0037DC6A /* Resources */ = {
			isa = PBXResourcesBuildPhase;
			buildActionMask = 2147483647;
			files = (
				ECA78A18268FD43E00183754 /* Media.xcassets in Resources */,
			);
			runOnlyForDeploymentPostprocessing = 0;
		};
		EC6D714C266642EE0037DC6A /* Resources */ = {
			isa = PBXResourcesBuildPhase;
			buildActionMask = 2147483647;
			files = (
			);
			runOnlyForDeploymentPostprocessing = 0;
		};
/* End PBXResourcesBuildPhase section */

/* Begin PBXShellScriptBuildPhase section */
		15BB0E9DDB903FE403FF9AB0 /* [CP] Check Pods Manifest.lock */ = {
			isa = PBXShellScriptBuildPhase;
			buildActionMask = 2147483647;
			files = (
			);
			inputFileListPaths = (
			);
			inputPaths = (
				"${PODS_PODFILE_DIR_PATH}/Podfile.lock",
				"${PODS_ROOT}/Manifest.lock",
			);
			name = "[CP] Check Pods Manifest.lock";
			outputFileListPaths = (
			);
			outputPaths = (
				"$(DERIVED_FILE_DIR)/Pods-Unsplash-UnsplashUITests-checkManifestLockResult.txt",
			);
			runOnlyForDeploymentPostprocessing = 0;
			shellPath = /bin/sh;
			shellScript = "diff \"${PODS_PODFILE_DIR_PATH}/Podfile.lock\" \"${PODS_ROOT}/Manifest.lock\" > /dev/null\nif [ $? != 0 ] ; then\n    # print error to STDERR\n    echo \"error: The sandbox is not in sync with the Podfile.lock. Run 'pod install' or update your CocoaPods installation.\" >&2\n    exit 1\nfi\n# This output is used by Xcode 'outputs' to avoid re-running this script phase.\necho \"SUCCESS\" > \"${SCRIPT_OUTPUT_FILE_0}\"\n";
			showEnvVarsInLog = 0;
		};
		3783324071AB722C4DFBF800 /* [CP] Check Pods Manifest.lock */ = {
			isa = PBXShellScriptBuildPhase;
			buildActionMask = 2147483647;
			files = (
			);
			inputFileListPaths = (
			);
			inputPaths = (
				"${PODS_PODFILE_DIR_PATH}/Podfile.lock",
				"${PODS_ROOT}/Manifest.lock",
			);
			name = "[CP] Check Pods Manifest.lock";
			outputFileListPaths = (
			);
			outputPaths = (
				"$(DERIVED_FILE_DIR)/Pods-Unsplash-checkManifestLockResult.txt",
			);
			runOnlyForDeploymentPostprocessing = 0;
			shellPath = /bin/sh;
			shellScript = "diff \"${PODS_PODFILE_DIR_PATH}/Podfile.lock\" \"${PODS_ROOT}/Manifest.lock\" > /dev/null\nif [ $? != 0 ] ; then\n    # print error to STDERR\n    echo \"error: The sandbox is not in sync with the Podfile.lock. Run 'pod install' or update your CocoaPods installation.\" >&2\n    exit 1\nfi\n# This output is used by Xcode 'outputs' to avoid re-running this script phase.\necho \"SUCCESS\" > \"${SCRIPT_OUTPUT_FILE_0}\"\n";
			showEnvVarsInLog = 0;
		};
		6B1BCB0E6F0177016D2434A4 /* [CP] Embed Pods Frameworks */ = {
			isa = PBXShellScriptBuildPhase;
			buildActionMask = 2147483647;
			files = (
			);
			inputFileListPaths = (
				"${PODS_ROOT}/Target Support Files/Pods-Unsplash/Pods-Unsplash-frameworks-${CONFIGURATION}-input-files.xcfilelist",
			);
			name = "[CP] Embed Pods Frameworks";
			outputFileListPaths = (
				"${PODS_ROOT}/Target Support Files/Pods-Unsplash/Pods-Unsplash-frameworks-${CONFIGURATION}-output-files.xcfilelist",
			);
			runOnlyForDeploymentPostprocessing = 0;
			shellPath = /bin/sh;
			shellScript = "\"${PODS_ROOT}/Target Support Files/Pods-Unsplash/Pods-Unsplash-frameworks.sh\"\n";
			showEnvVarsInLog = 0;
		};
		9EC2EBB3943A8B94A9DB0743 /* [CP] Embed Pods Frameworks */ = {
			isa = PBXShellScriptBuildPhase;
			buildActionMask = 2147483647;
			files = (
			);
			inputFileListPaths = (
				"${PODS_ROOT}/Target Support Files/Pods-Unsplash-UnsplashUITests/Pods-Unsplash-UnsplashUITests-frameworks-${CONFIGURATION}-input-files.xcfilelist",
			);
			name = "[CP] Embed Pods Frameworks";
			outputFileListPaths = (
				"${PODS_ROOT}/Target Support Files/Pods-Unsplash-UnsplashUITests/Pods-Unsplash-UnsplashUITests-frameworks-${CONFIGURATION}-output-files.xcfilelist",
			);
			runOnlyForDeploymentPostprocessing = 0;
			shellPath = /bin/sh;
			shellScript = "\"${PODS_ROOT}/Target Support Files/Pods-Unsplash-UnsplashUITests/Pods-Unsplash-UnsplashUITests-frameworks.sh\"\n";
			showEnvVarsInLog = 0;
		};
		AB2B9BB653CC0D0435736319 /* [CP] Embed Pods Frameworks */ = {
			isa = PBXShellScriptBuildPhase;
			buildActionMask = 2147483647;
			files = (
			);
			inputFileListPaths = (
				"${PODS_ROOT}/Target Support Files/Pods-UnsplashTests/Pods-UnsplashTests-frameworks-${CONFIGURATION}-input-files.xcfilelist",
			);
			name = "[CP] Embed Pods Frameworks";
			outputFileListPaths = (
				"${PODS_ROOT}/Target Support Files/Pods-UnsplashTests/Pods-UnsplashTests-frameworks-${CONFIGURATION}-output-files.xcfilelist",
			);
			runOnlyForDeploymentPostprocessing = 0;
			shellPath = /bin/sh;
			shellScript = "\"${PODS_ROOT}/Target Support Files/Pods-UnsplashTests/Pods-UnsplashTests-frameworks.sh\"\n";
			showEnvVarsInLog = 0;
		};
		B91F13B89C64C8116E085A2D /* [CP] Check Pods Manifest.lock */ = {
			isa = PBXShellScriptBuildPhase;
			buildActionMask = 2147483647;
			files = (
			);
			inputFileListPaths = (
			);
			inputPaths = (
				"${PODS_PODFILE_DIR_PATH}/Podfile.lock",
				"${PODS_ROOT}/Manifest.lock",
			);
			name = "[CP] Check Pods Manifest.lock";
			outputFileListPaths = (
			);
			outputPaths = (
				"$(DERIVED_FILE_DIR)/Pods-UnsplashTests-checkManifestLockResult.txt",
			);
			runOnlyForDeploymentPostprocessing = 0;
			shellPath = /bin/sh;
			shellScript = "diff \"${PODS_PODFILE_DIR_PATH}/Podfile.lock\" \"${PODS_ROOT}/Manifest.lock\" > /dev/null\nif [ $? != 0 ] ; then\n    # print error to STDERR\n    echo \"error: The sandbox is not in sync with the Podfile.lock. Run 'pod install' or update your CocoaPods installation.\" >&2\n    exit 1\nfi\n# This output is used by Xcode 'outputs' to avoid re-running this script phase.\necho \"SUCCESS\" > \"${SCRIPT_OUTPUT_FILE_0}\"\n";
			showEnvVarsInLog = 0;
		};
		EC2F5B4E2666F6B50071FF05 /* ShellScript */ = {
			isa = PBXShellScriptBuildPhase;
			buildActionMask = 2147483647;
			files = (
			);
			inputFileListPaths = (
			);
			inputPaths = (
			);
			outputFileListPaths = (
			);
			outputPaths = (
			);
			runOnlyForDeploymentPostprocessing = 0;
			shellPath = /bin/sh;
			shellScript = "# Type a script or drag a script file from your workspace to insert its path.\n\"${PODS_ROOT}/SwiftLint/swiftlint\"\n";
		};
/* End PBXShellScriptBuildPhase section */

/* Begin PBXSourcesBuildPhase section */
		EC6D7129266642EC0037DC6A /* Sources */ = {
			isa = PBXSourcesBuildPhase;
			buildActionMask = 2147483647;
			files = (
				ECE9ECC82687A5460016D418 /* FavoritesViewModel.swift in Sources */,
				ECEF021726695D34002FA5A3 /* PhotosListCell.swift in Sources */,
				EC2F5B57266700060071FF05 /* PhotosListManagerProtocol.swift in Sources */,
				EC2F5B532666FBEC0071FF05 /* APIResponseError.swift in Sources */,
				EC2F5B552666FFF40071FF05 /* PhotosListManager.swift in Sources */,
				ECEF02062669207C002FA5A3 /* PhotosListCoordinator.swift in Sources */,
				ECFDCDD52691EB300077544F /* GenericErrorViewController.swift in Sources */,
				ECEF0220266969F2002FA5A3 /* PhotoDetailViewController.swift in Sources */,
				ECEF021426695825002FA5A3 /* UICollectionViewCell+Identifier.swift in Sources */,
				EC6D7170266648080037DC6A /* Photo.swift in Sources */,
				ECEB32182684B0EA00822D63 /* FavoritesViewController.swift in Sources */,
				EC1DD631267D67400034ECDE /* LoadingCell.swift in Sources */,
				EC532E01267F979800827CB2 /* PhotoDetailManager.swift in Sources */,
				EC78C2752688E9C100175465 /* SearchPhotosOperation.swift in Sources */,
				EC3E7C6F267BE65100B806AE /* PhotosListBusiness.swift in Sources */,
				EC6D717C26664D980037DC6A /* Dynamic.swift in Sources */,
				ECEF021D26696328002FA5A3 /* PhotosListCellViewModelProtocol.swift in Sources */,
				ECEF022426696BE6002FA5A3 /* PhotoDetailViewModel.swift in Sources */,
				ECE9ECCB2687B2040016D418 /* FavoritesCoordinator.swift in Sources */,
				EC6D716A266646C40037DC6A /* PhotosListViewModel.swift in Sources */,
				EC67916E267CCF14002527DC /* UIFont.swift in Sources */,
				ECEB32152684B07500822D63 /* UserDefaultsKeys.swift in Sources */,
				ECBCEB342687664C00E489F2 /* Array+JSONList.swift in Sources */,
				ECEF020A266920D4002FA5A3 /* Coordinator.swift in Sources */,
				EC78C2782688EBD700175465 /* Debouncer.swift in Sources */,
				EC6D7131266642EC0037DC6A /* AppDelegate.swift in Sources */,
				EC78C26C2688B6DA00175465 /* UserDefaultsProvider.swift in Sources */,
				EC6D716D266646FB0037DC6A /* PhotosListViewModelProtocol.swift in Sources */,
				ECEF022626696C35002FA5A3 /* PhotoDetailViewModelProtocol.swift in Sources */,
				EC532E03267F97A900827CB2 /* PhotoDetailManagerProtocol.swift in Sources */,
				EC6D7133266642EC0037DC6A /* SceneDelegate.swift in Sources */,
				EC94B5D7266844EB00F71C22 /* Server.swift in Sources */,
				ECEDB1602668FE840052B930 /* APIProviderProtocol.swift in Sources */,
				ECFDCDDA26920FFC0077544F /* UIColor.swift in Sources */,
				EC3E7C71267BE67400B806AE /* PhotosListBusinessProtocol.swift in Sources */,
				EC8B51502691193F00FF4A2B /* ConnectionErrorView.swift in Sources */,
				ECE9ECC5268799FB0016D418 /* EmptyStateCell.swift in Sources */,
				EC9BE9C6267FEEEB00731293 /* MainCoordinator.swift in Sources */,
				ECEF020F266928A2002FA5A3 /* PhotosListViewController.swift in Sources */,
				ECEF021B26696127002FA5A3 /* PhotosListCellViewModel.swift in Sources */,
				EC94B5D326683BC100F71C22 /* PhotoURL.swift in Sources */,
				EC6D717726664CFC0037DC6A /* PhotosListOperation.swift in Sources */,
				EC6D717E26664EFB0037DC6A /* APIProvider.swift in Sources */,
				EC78C28526890A7800175465 /* Localizable.swift in Sources */,
				EC6D717A26664D660037DC6A /* AsyncOperation.swift in Sources */,
				EC78C2652688A69500175465 /* FavoritesViewModelProtocol.swift in Sources */,
			);
			runOnlyForDeploymentPostprocessing = 0;
		};
		EC6D713F266642ED0037DC6A /* Sources */ = {
			isa = PBXSourcesBuildPhase;
			buildActionMask = 2147483647;
			files = (
				EC78C27B2689051F00175465 /* FavoritesCoordinatorTests.swift in Sources */,
				ECFDCDD82691ECAF0077544F /* GenericErrorViewControllerTests.swift in Sources */,
				EC78C26A2688B5EA00175465 /* FavoritesViewModelTests.swift in Sources */,
				ECEF021226692944002FA5A3 /* PhotosListCoordinatorTests.swift in Sources */,
				EC8B514A269115CA00FF4A2B /* PhotoDetailViewControllerTests.swift in Sources */,
				EC3E7C6D267BDFFE00B806AE /* PhotosListCellViewModelTests.swift in Sources */,
				EC8B51452691113300FF4A2B /* PhotosListCellTests.swift in Sources */,
				ECEDB165266906890052B930 /* PhotosListManagerMock.swift in Sources */,
				EC532E05267FA17600827CB2 /* PhotoDetailManagerMock.swift in Sources */,
				EC8B514C269117A200FF4A2B /* PhotoDetailViewModelMock.swift in Sources */,
				EC3E7C7B267BF67D00B806AE /* PhotoDetailViewModelTests.swift in Sources */,
				ECC5BBCF268D17CD0068B2AA /* PhotosListViewModelMock.swift in Sources */,
				EC3E7C74267BF2A400B806AE /* PhotosListBusinessMock.swift in Sources */,
				ECC5BBCD268D0F360068B2AA /* PhotosListViewControllerTests.swift in Sources */,
				EC8B514126910DCD00FF4A2B /* LoadingCellTests.swift in Sources */,
				EC9E0264267C10A800E129EE /* PhotosListBusinessTests.swift in Sources */,
				EC8B51472691134000FF4A2B /* PhotosListCellViewModelMock.swift in Sources */,
				ECC5BBCB268D0B590068B2AA /* BaseSnapshotTest.swift in Sources */,
				EC8B515426911B6000FF4A2B /* ConnectionErrorViewTests.swift in Sources */,
				ECEDB15E2668FD310052B930 /* PhotosListManagerTests.swift in Sources */,
				EC78C26E2688BA9C00175465 /* UserDefaultProviderMock.swift in Sources */,
				EC6D71632666457B0037DC6A /* PhotosListViewModelTests.swift in Sources */,
				ECEDB163266906460052B930 /* APIProviderMock.swift in Sources */,
				EC8B514326910F9D00FF4A2B /* EmptyStateCellTests.swift in Sources */,
			);
			runOnlyForDeploymentPostprocessing = 0;
		};
		EC6D714A266642EE0037DC6A /* Sources */ = {
			isa = PBXSourcesBuildPhase;
			buildActionMask = 2147483647;
			files = (
				EC6D7153266642EE0037DC6A /* UnsplashUITests.swift in Sources */,
			);
			runOnlyForDeploymentPostprocessing = 0;
		};
/* End PBXSourcesBuildPhase section */

/* Begin PBXTargetDependency section */
		EC6D7145266642ED0037DC6A /* PBXTargetDependency */ = {
			isa = PBXTargetDependency;
			target = EC6D712C266642EC0037DC6A /* Unsplash */;
			targetProxy = EC6D7144266642ED0037DC6A /* PBXContainerItemProxy */;
		};
		EC6D7150266642EE0037DC6A /* PBXTargetDependency */ = {
			isa = PBXTargetDependency;
			target = EC6D712C266642EC0037DC6A /* Unsplash */;
			targetProxy = EC6D714F266642EE0037DC6A /* PBXContainerItemProxy */;
		};
/* End PBXTargetDependency section */

/* Begin PBXVariantGroup section */
		EC6D713B266642ED0037DC6A /* LaunchScreen.storyboard */ = {
			isa = PBXVariantGroup;
			children = (
				EC6D713C266642ED0037DC6A /* Base */,
				EC78C281268909C600175465 /* pt-BR */,
			);
			name = LaunchScreen.storyboard;
			sourceTree = "<group>";
		};
		EC78C280268909A200175465 /* Localizable.strings */ = {
			isa = PBXVariantGroup;
			children = (
				EC78C27F268909A200175465 /* en */,
				EC78C282268909C600175465 /* pt-BR */,
			);
			name = Localizable.strings;
			sourceTree = "<group>";
		};
/* End PBXVariantGroup section */

/* Begin XCBuildConfiguration section */
		EC6D7155266642EE0037DC6A /* Debug */ = {
			isa = XCBuildConfiguration;
			buildSettings = {
				ALWAYS_SEARCH_USER_PATHS = NO;
				CLANG_ANALYZER_LOCALIZABILITY_NONLOCALIZED = YES;
				CLANG_ANALYZER_NONNULL = YES;
				CLANG_ANALYZER_NUMBER_OBJECT_CONVERSION = YES_AGGRESSIVE;
				CLANG_CXX_LANGUAGE_STANDARD = "gnu++14";
				CLANG_CXX_LIBRARY = "libc++";
				CLANG_ENABLE_MODULES = YES;
				CLANG_ENABLE_OBJC_ARC = YES;
				CLANG_ENABLE_OBJC_WEAK = YES;
				CLANG_WARN_BLOCK_CAPTURE_AUTORELEASING = YES;
				CLANG_WARN_BOOL_CONVERSION = YES;
				CLANG_WARN_COMMA = YES;
				CLANG_WARN_CONSTANT_CONVERSION = YES;
				CLANG_WARN_DEPRECATED_OBJC_IMPLEMENTATIONS = YES;
				CLANG_WARN_DIRECT_OBJC_ISA_USAGE = YES_ERROR;
				CLANG_WARN_DOCUMENTATION_COMMENTS = YES;
				CLANG_WARN_EMPTY_BODY = YES;
				CLANG_WARN_ENUM_CONVERSION = YES;
				CLANG_WARN_INFINITE_RECURSION = YES;
				CLANG_WARN_INT_CONVERSION = YES;
				CLANG_WARN_NON_LITERAL_NULL_CONVERSION = YES;
				CLANG_WARN_OBJC_IMPLICIT_RETAIN_SELF = YES;
				CLANG_WARN_OBJC_LITERAL_CONVERSION = YES;
				CLANG_WARN_OBJC_ROOT_CLASS = YES_ERROR;
				CLANG_WARN_QUOTED_INCLUDE_IN_FRAMEWORK_HEADER = YES;
				CLANG_WARN_RANGE_LOOP_ANALYSIS = YES;
				CLANG_WARN_STRICT_PROTOTYPES = YES;
				CLANG_WARN_SUSPICIOUS_MOVE = YES;
				CLANG_WARN_UNGUARDED_AVAILABILITY = YES_AGGRESSIVE;
				CLANG_WARN_UNREACHABLE_CODE = YES;
				CLANG_WARN__DUPLICATE_METHOD_MATCH = YES;
				COPY_PHASE_STRIP = NO;
				DEBUG_INFORMATION_FORMAT = dwarf;
				ENABLE_STRICT_OBJC_MSGSEND = YES;
				ENABLE_TESTABILITY = YES;
				GCC_C_LANGUAGE_STANDARD = gnu11;
				GCC_DYNAMIC_NO_PIC = NO;
				GCC_NO_COMMON_BLOCKS = YES;
				GCC_OPTIMIZATION_LEVEL = 0;
				GCC_PREPROCESSOR_DEFINITIONS = (
					"DEBUG=1",
					"$(inherited)",
				);
				GCC_WARN_64_TO_32_BIT_CONVERSION = YES;
				GCC_WARN_ABOUT_RETURN_TYPE = YES_ERROR;
				GCC_WARN_UNDECLARED_SELECTOR = YES;
				GCC_WARN_UNINITIALIZED_AUTOS = YES_AGGRESSIVE;
				GCC_WARN_UNUSED_FUNCTION = YES;
				GCC_WARN_UNUSED_VARIABLE = YES;
				IPHONEOS_DEPLOYMENT_TARGET = 14.5;
				MTL_ENABLE_DEBUG_INFO = INCLUDE_SOURCE;
				MTL_FAST_MATH = YES;
				ONLY_ACTIVE_ARCH = YES;
				SDKROOT = iphoneos;
				SWIFT_ACTIVE_COMPILATION_CONDITIONS = DEBUG;
				SWIFT_OPTIMIZATION_LEVEL = "-Onone";
			};
			name = Debug;
		};
		EC6D7156266642EE0037DC6A /* Release */ = {
			isa = XCBuildConfiguration;
			buildSettings = {
				ALWAYS_SEARCH_USER_PATHS = NO;
				CLANG_ANALYZER_LOCALIZABILITY_NONLOCALIZED = YES;
				CLANG_ANALYZER_NONNULL = YES;
				CLANG_ANALYZER_NUMBER_OBJECT_CONVERSION = YES_AGGRESSIVE;
				CLANG_CXX_LANGUAGE_STANDARD = "gnu++14";
				CLANG_CXX_LIBRARY = "libc++";
				CLANG_ENABLE_MODULES = YES;
				CLANG_ENABLE_OBJC_ARC = YES;
				CLANG_ENABLE_OBJC_WEAK = YES;
				CLANG_WARN_BLOCK_CAPTURE_AUTORELEASING = YES;
				CLANG_WARN_BOOL_CONVERSION = YES;
				CLANG_WARN_COMMA = YES;
				CLANG_WARN_CONSTANT_CONVERSION = YES;
				CLANG_WARN_DEPRECATED_OBJC_IMPLEMENTATIONS = YES;
				CLANG_WARN_DIRECT_OBJC_ISA_USAGE = YES_ERROR;
				CLANG_WARN_DOCUMENTATION_COMMENTS = YES;
				CLANG_WARN_EMPTY_BODY = YES;
				CLANG_WARN_ENUM_CONVERSION = YES;
				CLANG_WARN_INFINITE_RECURSION = YES;
				CLANG_WARN_INT_CONVERSION = YES;
				CLANG_WARN_NON_LITERAL_NULL_CONVERSION = YES;
				CLANG_WARN_OBJC_IMPLICIT_RETAIN_SELF = YES;
				CLANG_WARN_OBJC_LITERAL_CONVERSION = YES;
				CLANG_WARN_OBJC_ROOT_CLASS = YES_ERROR;
				CLANG_WARN_QUOTED_INCLUDE_IN_FRAMEWORK_HEADER = YES;
				CLANG_WARN_RANGE_LOOP_ANALYSIS = YES;
				CLANG_WARN_STRICT_PROTOTYPES = YES;
				CLANG_WARN_SUSPICIOUS_MOVE = YES;
				CLANG_WARN_UNGUARDED_AVAILABILITY = YES_AGGRESSIVE;
				CLANG_WARN_UNREACHABLE_CODE = YES;
				CLANG_WARN__DUPLICATE_METHOD_MATCH = YES;
				COPY_PHASE_STRIP = NO;
				DEBUG_INFORMATION_FORMAT = "dwarf-with-dsym";
				ENABLE_NS_ASSERTIONS = NO;
				ENABLE_STRICT_OBJC_MSGSEND = YES;
				GCC_C_LANGUAGE_STANDARD = gnu11;
				GCC_NO_COMMON_BLOCKS = YES;
				GCC_WARN_64_TO_32_BIT_CONVERSION = YES;
				GCC_WARN_ABOUT_RETURN_TYPE = YES_ERROR;
				GCC_WARN_UNDECLARED_SELECTOR = YES;
				GCC_WARN_UNINITIALIZED_AUTOS = YES_AGGRESSIVE;
				GCC_WARN_UNUSED_FUNCTION = YES;
				GCC_WARN_UNUSED_VARIABLE = YES;
				IPHONEOS_DEPLOYMENT_TARGET = 14.5;
				MTL_ENABLE_DEBUG_INFO = NO;
				MTL_FAST_MATH = YES;
				SDKROOT = iphoneos;
				SWIFT_COMPILATION_MODE = wholemodule;
				SWIFT_OPTIMIZATION_LEVEL = "-O";
				VALIDATE_PRODUCT = YES;
			};
			name = Release;
		};
		EC6D7158266642EE0037DC6A /* Debug */ = {
			isa = XCBuildConfiguration;
			baseConfigurationReference = 093FDA0AFD27A52A581D8518 /* Pods-Unsplash.debug.xcconfig */;
			buildSettings = {
				API_URL = "https://api.unsplash.com/";
				ASSETCATALOG_COMPILER_APPICON_NAME = AppIcon;
				ASSETCATALOG_COMPILER_GLOBAL_ACCENT_COLOR_NAME = AccentColor;
				CODE_SIGN_STYLE = Automatic;
				DEVELOPMENT_TEAM = QQF7JL5XW3;
				INFOPLIST_FILE = "$(SRCROOT)/Unsplash/Classes/Supporting Files/Info.plist";
				LD_RUNPATH_SEARCH_PATHS = (
					"$(inherited)",
					"@executable_path/Frameworks",
				);
				PRODUCT_BUNDLE_IDENTIFIER = "br.com.demarte-tech.Unsplash";
				PRODUCT_NAME = "$(TARGET_NAME)";
				SWIFT_VERSION = 5.0;
				TARGETED_DEVICE_FAMILY = "1,2";
			};
			name = Debug;
		};
		EC6D7159266642EE0037DC6A /* Release */ = {
			isa = XCBuildConfiguration;
			baseConfigurationReference = B28F5CB3B4FA1101D0AB2025 /* Pods-Unsplash.release.xcconfig */;
			buildSettings = {
				API_URL = "https://api.unsplash.com/";
				ASSETCATALOG_COMPILER_APPICON_NAME = AppIcon;
				ASSETCATALOG_COMPILER_GLOBAL_ACCENT_COLOR_NAME = AccentColor;
				CODE_SIGN_STYLE = Automatic;
				DEVELOPMENT_TEAM = QQF7JL5XW3;
				INFOPLIST_FILE = "$(SRCROOT)/Unsplash/Classes/Supporting Files/Info.plist";
				LD_RUNPATH_SEARCH_PATHS = (
					"$(inherited)",
					"@executable_path/Frameworks",
				);
				PRODUCT_BUNDLE_IDENTIFIER = "br.com.demarte-tech.Unsplash";
				PRODUCT_NAME = "$(TARGET_NAME)";
				SWIFT_VERSION = 5.0;
				TARGETED_DEVICE_FAMILY = "1,2";
			};
			name = Release;
		};
		EC6D715B266642EE0037DC6A /* Debug */ = {
			isa = XCBuildConfiguration;
			baseConfigurationReference = 6DD23879B2F5986256743934 /* Pods-UnsplashTests.debug.xcconfig */;
			buildSettings = {
				ALWAYS_EMBED_SWIFT_STANDARD_LIBRARIES = YES;
				BUNDLE_LOADER = "$(TEST_HOST)";
				CODE_SIGN_STYLE = Automatic;
				INFOPLIST_FILE = UnsplashTests/Info.plist;
				IPHONEOS_DEPLOYMENT_TARGET = 14.5;
				LD_RUNPATH_SEARCH_PATHS = (
					"$(inherited)",
					"@executable_path/Frameworks",
					"@loader_path/Frameworks",
				);
				PRODUCT_BUNDLE_IDENTIFIER = "br.com.demarte-tech.UnsplashTests";
				PRODUCT_NAME = "$(TARGET_NAME)";
				SWIFT_VERSION = 5.0;
				TARGETED_DEVICE_FAMILY = "1,2";
				TEST_HOST = "$(BUILT_PRODUCTS_DIR)/Unsplash.app/Unsplash";
			};
			name = Debug;
		};
		EC6D715C266642EE0037DC6A /* Release */ = {
			isa = XCBuildConfiguration;
			baseConfigurationReference = 946E3D0CDCD32FBE1492CA40 /* Pods-UnsplashTests.release.xcconfig */;
			buildSettings = {
				ALWAYS_EMBED_SWIFT_STANDARD_LIBRARIES = YES;
				BUNDLE_LOADER = "$(TEST_HOST)";
				CODE_SIGN_STYLE = Automatic;
				INFOPLIST_FILE = UnsplashTests/Info.plist;
				IPHONEOS_DEPLOYMENT_TARGET = 14.5;
				LD_RUNPATH_SEARCH_PATHS = (
					"$(inherited)",
					"@executable_path/Frameworks",
					"@loader_path/Frameworks",
				);
				PRODUCT_BUNDLE_IDENTIFIER = "br.com.demarte-tech.UnsplashTests";
				PRODUCT_NAME = "$(TARGET_NAME)";
				SWIFT_VERSION = 5.0;
				TARGETED_DEVICE_FAMILY = "1,2";
				TEST_HOST = "$(BUILT_PRODUCTS_DIR)/Unsplash.app/Unsplash";
			};
			name = Release;
		};
		EC6D715E266642EE0037DC6A /* Debug */ = {
			isa = XCBuildConfiguration;
			baseConfigurationReference = C254AFC92A85E06AB4FE48B2 /* Pods-Unsplash-UnsplashUITests.debug.xcconfig */;
			buildSettings = {
				ALWAYS_EMBED_SWIFT_STANDARD_LIBRARIES = YES;
				CODE_SIGN_STYLE = Automatic;
				INFOPLIST_FILE = UnsplashUITests/Info.plist;
				LD_RUNPATH_SEARCH_PATHS = (
					"$(inherited)",
					"@executable_path/Frameworks",
					"@loader_path/Frameworks",
				);
				PRODUCT_BUNDLE_IDENTIFIER = "br.com.demarte-tech.UnsplashUITests";
				PRODUCT_NAME = "$(TARGET_NAME)";
				SWIFT_VERSION = 5.0;
				TARGETED_DEVICE_FAMILY = "1,2";
				TEST_TARGET_NAME = Unsplash;
			};
			name = Debug;
		};
		EC6D715F266642EE0037DC6A /* Release */ = {
			isa = XCBuildConfiguration;
			baseConfigurationReference = AAA7719E1CD15E5553F92C2A /* Pods-Unsplash-UnsplashUITests.release.xcconfig */;
			buildSettings = {
				ALWAYS_EMBED_SWIFT_STANDARD_LIBRARIES = YES;
				CODE_SIGN_STYLE = Automatic;
				INFOPLIST_FILE = UnsplashUITests/Info.plist;
				LD_RUNPATH_SEARCH_PATHS = (
					"$(inherited)",
					"@executable_path/Frameworks",
					"@loader_path/Frameworks",
				);
				PRODUCT_BUNDLE_IDENTIFIER = "br.com.demarte-tech.UnsplashUITests";
				PRODUCT_NAME = "$(TARGET_NAME)";
				SWIFT_VERSION = 5.0;
				TARGETED_DEVICE_FAMILY = "1,2";
				TEST_TARGET_NAME = Unsplash;
			};
			name = Release;
		};
/* End XCBuildConfiguration section */

/* Begin XCConfigurationList section */
		EC6D7128266642EC0037DC6A /* Build configuration list for PBXProject "Unsplash" */ = {
			isa = XCConfigurationList;
			buildConfigurations = (
				EC6D7155266642EE0037DC6A /* Debug */,
				EC6D7156266642EE0037DC6A /* Release */,
			);
			defaultConfigurationIsVisible = 0;
			defaultConfigurationName = Release;
		};
		EC6D7157266642EE0037DC6A /* Build configuration list for PBXNativeTarget "Unsplash" */ = {
			isa = XCConfigurationList;
			buildConfigurations = (
				EC6D7158266642EE0037DC6A /* Debug */,
				EC6D7159266642EE0037DC6A /* Release */,
			);
			defaultConfigurationIsVisible = 0;
			defaultConfigurationName = Release;
		};
		EC6D715A266642EE0037DC6A /* Build configuration list for PBXNativeTarget "UnsplashTests" */ = {
			isa = XCConfigurationList;
			buildConfigurations = (
				EC6D715B266642EE0037DC6A /* Debug */,
				EC6D715C266642EE0037DC6A /* Release */,
			);
			defaultConfigurationIsVisible = 0;
			defaultConfigurationName = Release;
		};
		EC6D715D266642EE0037DC6A /* Build configuration list for PBXNativeTarget "UnsplashUITests" */ = {
			isa = XCConfigurationList;
			buildConfigurations = (
				EC6D715E266642EE0037DC6A /* Debug */,
				EC6D715F266642EE0037DC6A /* Release */,
			);
			defaultConfigurationIsVisible = 0;
			defaultConfigurationName = Release;
		};
/* End XCConfigurationList section */
	};
	rootObject = EC6D7125266642EC0037DC6A /* Project object */;
}
